// !$*UTF8*$!
{
	archiveVersion = 1;
	classes = {
	};
	objectVersion = 77;
	objects = {

/* Begin PBXBuildFile section */
		0139CC54E3F0164FA19EA25C /* EventWeatherService.swift in Sources */ = {isa = PBXBuildFile; fileRef = 51D3A73950E2AF7A4B427DAC /* EventWeatherService.swift */; };
		01C0E89D9110CBB8DA80D650 /* SearchResultRow.swift in Sources */ = {isa = PBXBuildFile; fileRef = AD7494E64F4395E73A7AA6C1 /* SearchResultRow.swift */; };
		01DEED9E4C2F825C34D40BC9 /* KioskStudentHubView.swift in Sources */ = {isa = PBXBuildFile; fileRef = 13D2A559654212BD133FB74F /* KioskStudentHubView.swift */; };
		021A7B27623C3C8544FE58BB /* ProfileView.swift in Sources */ = {isa = PBXBuildFile; fileRef = B04517A8131BAA862DB3FF5E /* ProfileView.swift */; };
		03D13CE00A34B9C6DD2AB6EF /* KioskPickupView.swift in Sources */ = {isa = PBXBuildFile; fileRef = DB5E4D4F3F432CE124DE63A8 /* KioskPickupView.swift */; };
		085E8467FC2D0385A67DD157 /* QRScannerSheet.swift in Sources */ = {isa = PBXBuildFile; fileRef = 44E5D1DB0C8CBAD5E452E807 /* QRScannerSheet.swift */; };
		089493883612791C05515FAE /* LicensesView.swift in Sources */ = {isa = PBXBuildFile; fileRef = 0B3D4226E94BA750868A4D0B /* LicensesView.swift */; };
		0B3D380ACF389083C083FC5A /* ScanPrePromptView.swift in Sources */ = {isa = PBXBuildFile; fileRef = 93A02FB7D1B8ADC547189F1A /* ScanPrePromptView.swift */; };
		0FC9DC340824D39EB558E913 /* Models.swift in Sources */ = {isa = PBXBuildFile; fileRef = 5B540C9027D1885BCBEA2E4D /* Models.swift */; };
		1055262B6F98F58C10AC34F1 /* Gotham-Black.ttf in Resources */ = {isa = PBXBuildFile; fileRef = 25CAFE07992F1EB02F507AE2 /* Gotham-Black.ttf */; };
		126FE69C0DCDD7F917CE6580 /* KioskShellView.swift in Sources */ = {isa = PBXBuildFile; fileRef = 0E5A80EBE9AE9D0094E70FBB /* KioskShellView.swift */; };
		12BE5380A72CE66E23CA39CD /* Assets.xcassets in Resources */ = {isa = PBXBuildFile; fileRef = 592769886AB12F6A842CC8CF /* Assets.xcassets */; };
		157E1E0021A0F88C78E3590E /* SidebarWebDestinationView.swift in Sources */ = {isa = PBXBuildFile; fileRef = B76322B9A6F0D5B70487D0F2 /* SidebarWebDestinationView.swift */; };
		16180470B97E979363856F90 /* Gotham-Bold.ttf in Resources */ = {isa = PBXBuildFile; fileRef = F79BD5C4616572A064F43254 /* Gotham-Bold.ttf */; };
		1AC641AD94A229A52FE17AE0 /* APIClient.swift in Sources */ = {isa = PBXBuildFile; fileRef = 6ED3D57FAA3E94281C3FF27C /* APIClient.swift */; };
		1C2E6D4D0BA7A114FB6E9DB7 /* Toast.swift in Sources */ = {isa = PBXBuildFile; fileRef = 0D900B3FE267BAB0F0904D07 /* Toast.swift */; };
		1E84624B222CD81665D2EC79 /* StatusPill.swift in Sources */ = {isa = PBXBuildFile; fileRef = A97E29E06DBD7A4474F9E66A /* StatusPill.swift */; };
		1EC76C21F12315FFEA89CD45 /* WisconsinLiveActivities.appex in Embed Foundation Extensions */ = {isa = PBXBuildFile; fileRef = 88F162C9B5233CB44C35E9E5 /* WisconsinLiveActivities.appex */; settings = {ATTRIBUTES = (RemoveHeadersOnCopy, ); }; };
		237DD2AF7BCC2631721C737C /* CreateBookingSheet.swift in Sources */ = {isa = PBXBuildFile; fileRef = F1F3FA2D4C06E966E6BA030B /* CreateBookingSheet.swift */; };
		23D18DF0CCE1DFC0E4CAD69E /* ScanView.swift in Sources */ = {isa = PBXBuildFile; fileRef = 37FF31264347D4D6932C4DBB /* ScanView.swift */; };
		24A80894586E46E13F2E4E41 /* KioskStore.swift in Sources */ = {isa = PBXBuildFile; fileRef = FA38BB094C95612DBF9F1C24 /* KioskStore.swift */; };
		2516A89A0CD4284023B38A28 /* ScheduleView.swift in Sources */ = {isa = PBXBuildFile; fileRef = 74157D1DF3F4EF9F53F70494 /* ScheduleView.swift */; };
		27614B86498B5D98CC600630 /* CreateBookingFormRows.swift in Sources */ = {isa = PBXBuildFile; fileRef = 089FAA6DDBB831B89ED4E5F5 /* CreateBookingFormRows.swift */; };
		27ECC333F667B220F460C700 /* GuidesView.swift in Sources */ = {isa = PBXBuildFile; fileRef = 14DA88A1DF6F8D23066A07BC /* GuidesView.swift */; };
		2A37E7B9C1A68005651FAC4A /* CreateBookingViewModel.swift in Sources */ = {isa = PBXBuildFile; fileRef = AB412E1DD8493D282F261563 /* CreateBookingViewModel.swift */; };
		2CED1D2B5A4282EB13E29796 /* ScheduleModels.swift in Sources */ = {isa = PBXBuildFile; fileRef = D50B2D1EA31765C957FED322 /* ScheduleModels.swift */; };
		2DF5EDC0EA7BAAF2547F1035 /* LinkStickerWizard.swift in Sources */ = {isa = PBXBuildFile; fileRef = 41D51AC00210AD1B6DE0E466 /* LinkStickerWizard.swift */; };
		30894C3102D964CC218C62C5 /* KioskModels.swift in Sources */ = {isa = PBXBuildFile; fileRef = 02B29E7150D396D5C8236398 /* KioskModels.swift */; };
		30A2174F020A46E7B8538492 /* CreateBookingPickers.swift in Sources */ = {isa = PBXBuildFile; fileRef = 6AFF5F65A92CEAED518EF6E6 /* CreateBookingPickers.swift */; };
		31458333B3C62A9DE06D2DF8 /* KioskNativeTextField.swift in Sources */ = {isa = PBXBuildFile; fileRef = 046675A42DFADB1133461EDD /* KioskNativeTextField.swift */; };
		31591DD0437B097C2510AB84 /* UserAvatarView.swift in Sources */ = {isa = PBXBuildFile; fileRef = C2BBAACBEA87B1EE9FEBC287 /* UserAvatarView.swift */; };
		31BA906AD0D633053D4804B7 /* AccountSecuritySettingsView.swift in Sources */ = {isa = PBXBuildFile; fileRef = 552E4A9FC0A2CB73C36F51C6 /* AccountSecuritySettingsView.swift */; };
		33F2166407B607A0DADC78B2 /* AppDelegate.swift in Sources */ = {isa = PBXBuildFile; fileRef = 5E180A2286F2673D3B7E2179 /* AppDelegate.swift */; };
		3626807CF358067A4EF9AF15 /* KioskCheckoutView.swift in Sources */ = {isa = PBXBuildFile; fileRef = 3700D2B2FAE801DC2FF0F1ED /* KioskCheckoutView.swift */; };
		37D62305D3F8AD03285EBFCE /* KioskStudentHubView.swift in Sources */ = {isa = PBXBuildFile; fileRef = 13D2A559654212BD133FB74F /* KioskStudentHubView.swift */; };
		390F43409B451AAB78D2D0C9 /* WisconsinApp.swift in Sources */ = {isa = PBXBuildFile; fileRef = D3BDE438C8F05EAA14B299BB /* WisconsinApp.swift */; };
		3A34548DD720E71C6B54BB31 /* ItemsView.swift in Sources */ = {isa = PBXBuildFile; fileRef = F12684601FE641B454D0219B /* ItemsView.swift */; };
		3C5D633C4299CA79C40FCFBA /* Gotham-Bold.ttf in Resources */ = {isa = PBXBuildFile; fileRef = F79BD5C4616572A064F43254 /* Gotham-Bold.ttf */; };
		3EA409C06E497D3FCA3ECF8B /* KioskColors.swift in Sources */ = {isa = PBXBuildFile; fileRef = DF17654612E5CA2EBF575539 /* KioskColors.swift */; };
		411CF014B25A6515F8E6869E /* CreateBookingEquipmentRows.swift in Sources */ = {isa = PBXBuildFile; fileRef = D4C885700380306D486A94C9 /* CreateBookingEquipmentRows.swift */; };
		41891E6B69644BB1DB025CB9 /* Brand.swift in Sources */ = {isa = PBXBuildFile; fileRef = 4A9DAB950F60885A23620BEC /* Brand.swift */; };
		41B304E3F5ABE1BF6F9B94BB /* CheckoutReturnActivityAttributes.swift in Sources */ = {isa = PBXBuildFile; fileRef = E11254A1E4647B8B02F4890A /* CheckoutReturnActivityAttributes.swift */; };
		41B90D7E34083A1070406934 /* KioskModels.swift in Sources */ = {isa = PBXBuildFile; fileRef = 02B29E7150D396D5C8236398 /* KioskModels.swift */; };
		470F79B703DF9EB55FECE070 /* FormModels.swift in Sources */ = {isa = PBXBuildFile; fileRef = 6148A160C162A021FF9DE4C0 /* FormModels.swift */; };
		48F535BD8B55E06D80C25E2B /* KioskDesign.swift in Sources */ = {isa = PBXBuildFile; fileRef = 07116906C1A1FF6F5D10BFA1 /* KioskDesign.swift */; };
		4B2A968B07EADEF18DEAD46D /* KioskActivationView.swift in Sources */ = {isa = PBXBuildFile; fileRef = 783E3F89AF08A64D8BE2685D /* KioskActivationView.swift */; };
		4B5FFF1D1D5E4C8FF671E34F /* PasswordSetupView.swift in Sources */ = {isa = PBXBuildFile; fileRef = 2DCFCD62823EAF922978F5E0 /* PasswordSetupView.swift */; };
		4F0A1067946B104FF1220865 /* NetworkMonitor.swift in Sources */ = {isa = PBXBuildFile; fileRef = 2536547429CB16E12CB069C0 /* NetworkMonitor.swift */; };
		521817F1F579897074A3B1D4 /* CreateBookingEventViews.swift in Sources */ = {isa = PBXBuildFile; fileRef = 88FF0CACAB4BD4886FD0219B /* CreateBookingEventViews.swift */; };
		5222CCDEB1C3A451B2B7EDED /* PostTradeSheet.swift in Sources */ = {isa = PBXBuildFile; fileRef = C76AD0C31463DD95EE65E1E6 /* PostTradeSheet.swift */; };
		56A81DDDEF06AB1D40D13B33 /* AvailabilityView.swift in Sources */ = {isa = PBXBuildFile; fileRef = DE250FADCDB66EDCBD5DF234 /* AvailabilityView.swift */; };
		59A62659B5B66ECB9776D716 /* CheckoutReturnLiveActivityWidget.swift in Sources */ = {isa = PBXBuildFile; fileRef = 1B440FC4AD4F07C1163F8856 /* CheckoutReturnLiveActivityWidget.swift */; };
		5BFCE075814954BB59669481 /* Skeleton.swift in Sources */ = {isa = PBXBuildFile; fileRef = 468E248680EC5A61BEC1EE38 /* Skeleton.swift */; };
		5D716269ED62B3BCD83B904B /* NotificationModels.swift in Sources */ = {isa = PBXBuildFile; fileRef = 229CAC26AA9E3BB5EEC36678 /* NotificationModels.swift */; };
		5FC271E1656B8281545DA61D /* KioskBarcodeCameraView.swift in Sources */ = {isa = PBXBuildFile; fileRef = 06C085E7CDEC3CCE6DFDD630 /* KioskBarcodeCameraView.swift */; };
		654893DACB94A0EDA73141DF /* KioskAPIClient.swift in Sources */ = {isa = PBXBuildFile; fileRef = BA5C2531E017BDBDE5EFDDFE /* KioskAPIClient.swift */; };
		69DD68092CDC35D6924052DF /* BookingDetailView.swift in Sources */ = {isa = PBXBuildFile; fileRef = BA04562F7C424114F304B494 /* BookingDetailView.swift */; };
		6A29F42A3F64F9E6FDD5EB53 /* UserDetailView.swift in Sources */ = {isa = PBXBuildFile; fileRef = 6B64F325136AF7626ECECE8C /* UserDetailView.swift */; };
		6A2AF05B82DC2BA24217048C /* BannerView.swift in Sources */ = {isa = PBXBuildFile; fileRef = 843772771897AABEF8DD1F93 /* BannerView.swift */; };
		6B9E7D074E50DBAB24DAC522 /* Haptics.swift in Sources */ = {isa = PBXBuildFile; fileRef = 2A73B2A1C9B274552CBA7C8B /* Haptics.swift */; };
		713FB9080DFAA1073EE5FA8C /* EventDetailSheet.swift in Sources */ = {isa = PBXBuildFile; fileRef = 5FB4AEDFE7F83CC6E155C12D /* EventDetailSheet.swift */; };
		71675D3559403AAD9354C225 /* BrowseView.swift in Sources */ = {isa = PBXBuildFile; fileRef = 58ABE954706326D6137979FB /* BrowseView.swift */; };
		7252EE41C4BE6C9946F7A7BA /* KioskColors.swift in Sources */ = {isa = PBXBuildFile; fileRef = DF17654612E5CA2EBF575539 /* KioskColors.swift */; };
		73A936392B03FBB5779475D6 /* KioskAPIClient.swift in Sources */ = {isa = PBXBuildFile; fileRef = BA5C2531E017BDBDE5EFDDFE /* KioskAPIClient.swift */; };
		7507BE07B0E40EAA31B9DBE9 /* DateFormats.swift in Sources */ = {isa = PBXBuildFile; fileRef = 39565FFA7236A61DAD12D9BB /* DateFormats.swift */; };
		783075F2A904D279CA0653C5 /* Assets.xcassets in Resources */ = {isa = PBXBuildFile; fileRef = 592769886AB12F6A842CC8CF /* Assets.xcassets */; };
		78C02C1D3AEE264D6EA1925B /* NotificationSettingsView.swift in Sources */ = {isa = PBXBuildFile; fileRef = C2159F738CA242773EA9D438 /* NotificationSettingsView.swift */; };
		795277BA3B90A0AB27B5C672 /* GearStore.swift in Sources */ = {isa = PBXBuildFile; fileRef = FAD4EC3F211EACBB157F7DDE /* GearStore.swift */; };
		81413B070B47866D2C7DB337 /* SessionStore.swift in Sources */ = {isa = PBXBuildFile; fileRef = 0189482D68508F45B086F46F /* SessionStore.swift */; };
		843586F2B58722883BD12D08 /* KioskReturnView.swift in Sources */ = {isa = PBXBuildFile; fileRef = 687337C19E47FE94FE56F9BF /* KioskReturnView.swift */; };
		84BE753FF259E17D637E6482 /* AccountAvatar.swift in Sources */ = {isa = PBXBuildFile; fileRef = 073F98039DAC37B5AC72487C /* AccountAvatar.swift */; };
		889D5483CAC2EA6C8E25DDFD /* ShiftTradeModels.swift in Sources */ = {isa = PBXBuildFile; fileRef = EC21A466188CE0D3011728F2 /* ShiftTradeModels.swift */; };
		8AD8110B0A79C58084C6CB22 /* UsersView.swift in Sources */ = {isa = PBXBuildFile; fileRef = 8F94CA79BF538DBB6FF7F225 /* UsersView.swift */; };
		8F4B17907F06BDF713664001 /* KioskCheckoutView.swift in Sources */ = {isa = PBXBuildFile; fileRef = 3700D2B2FAE801DC2FF0F1ED /* KioskCheckoutView.swift */; };
		904A4A8C645FFEB4CD2AA971 /* ExtendBookingSheet.swift in Sources */ = {isa = PBXBuildFile; fileRef = 2B0058FB3644F501479BA0D5 /* ExtendBookingSheet.swift */; };
		92FB41EABAD386A10484F5D8 /* KioskDesign.swift in Sources */ = {isa = PBXBuildFile; fileRef = 07116906C1A1FF6F5D10BFA1 /* KioskDesign.swift */; };
		96DAC20EB887DA3916DEE474 /* AppState.swift in Sources */ = {isa = PBXBuildFile; fileRef = 38065600FA5A1C1AC4C8CC2F /* AppState.swift */; };
		9920100D23D0FF37F2528340 /* KioskBarcodeCameraView.swift in Sources */ = {isa = PBXBuildFile; fileRef = 06C085E7CDEC3CCE6DFDD630 /* KioskBarcodeCameraView.swift */; };
		9939B52822812D9C7B8CF92B /* ScannerDebuggerView.swift in Sources */ = {isa = PBXBuildFile; fileRef = A6B542F56A00A8C2FEB2078C /* ScannerDebuggerView.swift */; };
		9CF45F32E90F4C03DDE548AB /* KioskShellView.swift in Sources */ = {isa = PBXBuildFile; fileRef = 0E5A80EBE9AE9D0094E70FBB /* KioskShellView.swift */; };
		9F8F4FCCB5B170E4C08FEBA1 /* KioskIdleView.swift in Sources */ = {isa = PBXBuildFile; fileRef = 649B6E0F68D9B5DB4D054656 /* KioskIdleView.swift */; };
		A2F31705FBCCCE502A3B6C1A /* SearchService.swift in Sources */ = {isa = PBXBuildFile; fileRef = 74EFD042F26EA7BE52FA67E3 /* SearchService.swift */; };
		A6176C75B21A5C4695A8E11F /* AddShiftSheet.swift in Sources */ = {isa = PBXBuildFile; fileRef = 96636E404DEEEDA5C6046ADB /* AddShiftSheet.swift */; };
		A9264F994D67157C3DD7FCD3 /* TradeBoardSheet.swift in Sources */ = {isa = PBXBuildFile; fileRef = F52833BE41AB34A8FFA43FE2 /* TradeBoardSheet.swift */; };
		AE02BC8C269DDE4A15E54745 /* Gotham-Black.ttf in Resources */ = {isa = PBXBuildFile; fileRef = 25CAFE07992F1EB02F507AE2 /* Gotham-Black.ttf */; };
		AF66ADDE1D3CF5B16155A3BA /* GlobalSearchSheet.swift in Sources */ = {isa = PBXBuildFile; fileRef = D5EC344925B5666C2CA8F773 /* GlobalSearchSheet.swift */; };
		AF6FB84710F229405808A91E /* KioskComponents.swift in Sources */ = {isa = PBXBuildFile; fileRef = 348C1E3385689A947929A115 /* KioskComponents.swift */; };
		B0583B1951EA442CCD563320 /* ScheduleDateMathTests.swift in Sources */ = {isa = PBXBuildFile; fileRef = A943ABC3AA353DC3AAEA0B3A /* ScheduleDateMathTests.swift */; };
		B1DDE3C06BD40F1F8615A227 /* HomeView.swift in Sources */ = {isa = PBXBuildFile; fileRef = 64F14676788E6FA7CDD08D48 /* HomeView.swift */; };
		B276BCB07DEE006B7B4BA266 /* WeatherKit.framework in Frameworks */ = {isa = PBXBuildFile; fileRef = 87AF393E027CAF24A08F414E /* WeatherKit.framework */; };
		B2FEB545EEB4F42FE18F292F /* BookingsView.swift in Sources */ = {isa = PBXBuildFile; fileRef = 2228A84C3CCBC90ABF9103F1 /* BookingsView.swift */; };
		B627C81D60CEF199EE69E537 /* Preferences.swift in Sources */ = {isa = PBXBuildFile; fileRef = EB6A309FA698276EE001EE07 /* Preferences.swift */; };
		BA09B1B0BD9687C63E73E59D /* ThumbnailLoader.swift in Sources */ = {isa = PBXBuildFile; fileRef = C6D1B302F1FC5245180A17CD /* ThumbnailLoader.swift */; };
		BAE863712FA11717C1C77B29 /* NotificationsSheet.swift in Sources */ = {isa = PBXBuildFile; fileRef = 9E58906A0DD7BCF5024161BE /* NotificationsSheet.swift */; };
		BE2D1BB7DCF9C234B14A9A7C /* KioskScannerField.swift in Sources */ = {isa = PBXBuildFile; fileRef = C0F3BC3F7FE6F8F1E7056578 /* KioskScannerField.swift */; };
		BE4325C3D6CA86C4E9565115 /* KioskScannerField.swift in Sources */ = {isa = PBXBuildFile; fileRef = C0F3BC3F7FE6F8F1E7056578 /* KioskScannerField.swift */; };
		BF0C8E42D9834A68276B6B2D /* KioskReturnView.swift in Sources */ = {isa = PBXBuildFile; fileRef = 687337C19E47FE94FE56F9BF /* KioskReturnView.swift */; };
		C0CE6BBE698F81A5E6397D98 /* KioskSuccessView.swift in Sources */ = {isa = PBXBuildFile; fileRef = E968BAF46C8E557831F73C27 /* KioskSuccessView.swift */; };
		C292B04966545054F354B58D /* KioskActivationView.swift in Sources */ = {isa = PBXBuildFile; fileRef = 783E3F89AF08A64D8BE2685D /* KioskActivationView.swift */; };
		C3C5D175C583096B0D645F24 /* AssetModels.swift in Sources */ = {isa = PBXBuildFile; fileRef = 3967BD5EC55792F3B9E94724 /* AssetModels.swift */; };
		C72EB6E27A3B853D2B074874 /* KioskNativeTextField.swift in Sources */ = {isa = PBXBuildFile; fileRef = 046675A42DFADB1133461EDD /* KioskNativeTextField.swift */; };
		CB5A9F4D1449DDAFF063E6A6 /* KioskOnlyApp.swift in Sources */ = {isa = PBXBuildFile; fileRef = B24728E65A42F40EDB0BBCF8 /* KioskOnlyApp.swift */; };
		CE860A32B56D88E0802D8EFE /* DashboardModels.swift in Sources */ = {isa = PBXBuildFile; fileRef = BB8C14E1F7005B408A6A4CCD /* DashboardModels.swift */; };
		D1BE91AB2F76BE372F49B448 /* CheckoutReturnLiveActivityManager.swift in Sources */ = {isa = PBXBuildFile; fileRef = 2228C8C2447924ED80ABD8C4 /* CheckoutReturnLiveActivityManager.swift */; };
		D24677599DC4E06E3E093A81 /* PushPrePromptView.swift in Sources */ = {isa = PBXBuildFile; fileRef = 6A2DFDC7A0C7BD6C018D43D2 /* PushPrePromptView.swift */; };
		D4355A04DA0626C754E3993C /* CheckoutReturnActivityAttributes.swift in Sources */ = {isa = PBXBuildFile; fileRef = E11254A1E4647B8B02F4890A /* CheckoutReturnActivityAttributes.swift */; };
		DACC18C0E1181FD912992FEE /* LoginView.swift in Sources */ = {isa = PBXBuildFile; fileRef = 6D6258D04F2CBF34C14EBB69 /* LoginView.swift */; };
		DBB620395B1140D1777AD0B2 /* KioskPickupView.swift in Sources */ = {isa = PBXBuildFile; fileRef = DB5E4D4F3F432CE124DE63A8 /* KioskPickupView.swift */; };
		DC10577F4AF30D4E44E08B63 /* AssignStudentSheet.swift in Sources */ = {isa = PBXBuildFile; fileRef = A9374732F63AA4EA283094F0 /* AssignStudentSheet.swift */; };
		E6F51692EA10D1DF6DA5F049 /* KioskSuccessView.swift in Sources */ = {isa = PBXBuildFile; fileRef = E968BAF46C8E557831F73C27 /* KioskSuccessView.swift */; };
		E74AB0C45B70B59CEBC79AC4 /* AppTabView.swift in Sources */ = {isa = PBXBuildFile; fileRef = B208F1EB8DD4DA49DADC1CAB /* AppTabView.swift */; };
		EB431E266D465DDA520852CB /* OverdueReportView.swift in Sources */ = {isa = PBXBuildFile; fileRef = 1770023701735D8701DCAA5B /* OverdueReportView.swift */; };
		F05BFEDF227A1BB32BBFFD07 /* KioskIdleView.swift in Sources */ = {isa = PBXBuildFile; fileRef = 649B6E0F68D9B5DB4D054656 /* KioskIdleView.swift */; };
		F2A0A3013F3F22792FA32C84 /* KioskComponents.swift in Sources */ = {isa = PBXBuildFile; fileRef = 348C1E3385689A947929A115 /* KioskComponents.swift */; };
		F3AE80E47FC7B6AAA76035B6 /* KioskStore.swift in Sources */ = {isa = PBXBuildFile; fileRef = FA38BB094C95612DBF9F1C24 /* KioskStore.swift */; };
		F8198BB80C4CB84C0C12ED6A /* FloatingSearchButton.swift in Sources */ = {isa = PBXBuildFile; fileRef = F2E89852F4DC85939BA9A8AA /* FloatingSearchButton.swift */; };
		FC55F8C00EAB32F578B178F0 /* ItemDetailView.swift in Sources */ = {isa = PBXBuildFile; fileRef = 80CA4880F08046F8E23F079B /* ItemDetailView.swift */; };
		FEB0D17D856222BBA8478CC0 /* ScanResultHeroCard.swift in Sources */ = {isa = PBXBuildFile; fileRef = FC5B889D242E8A0835B68845 /* ScanResultHeroCard.swift */; };
/* End PBXBuildFile section */

/* Begin PBXContainerItemProxy section */
		097B7F53D74D509CA90DE4CF /* PBXContainerItemProxy */ = {
			isa = PBXContainerItemProxy;
			containerPortal = 335BE05E032A4F56E50B98CC /* Project object */;
			proxyType = 1;
			remoteGlobalIDString = 5731E598F30EDA43B52B4002;
			remoteInfo = Wisconsin;
		};
		8D1698B724DB02A1A7D0427E /* PBXContainerItemProxy */ = {
			isa = PBXContainerItemProxy;
			containerPortal = 335BE05E032A4F56E50B98CC /* Project object */;
			proxyType = 1;
			remoteGlobalIDString = AE5BC122AAA548CB394E1598;
			remoteInfo = WisconsinLiveActivities;
		};
/* End PBXContainerItemProxy section */

/* Begin PBXCopyFilesBuildPhase section */
		E8E4190341EF62FD1DBC213B /* Embed Foundation Extensions */ = {
			isa = PBXCopyFilesBuildPhase;
			buildActionMask = 2147483647;
			dstPath = "";
			dstSubfolderSpec = 13;
			files = (
				1EC76C21F12315FFEA89CD45 /* WisconsinLiveActivities.appex in Embed Foundation Extensions */,
			);
			name = "Embed Foundation Extensions";
			runOnlyForDeploymentPostprocessing = 0;
		};
/* End PBXCopyFilesBuildPhase section */

/* Begin PBXFileReference section */
		0189482D68508F45B086F46F /* SessionStore.swift */ = {isa = PBXFileReference; lastKnownFileType = sourcecode.swift; path = SessionStore.swift; sourceTree = "<group>"; };
		02B29E7150D396D5C8236398 /* KioskModels.swift */ = {isa = PBXFileReference; lastKnownFileType = sourcecode.swift; path = KioskModels.swift; sourceTree = "<group>"; };
		046675A42DFADB1133461EDD /* KioskNativeTextField.swift */ = {isa = PBXFileReference; lastKnownFileType = sourcecode.swift; path = KioskNativeTextField.swift; sourceTree = "<group>"; };
		06C085E7CDEC3CCE6DFDD630 /* KioskBarcodeCameraView.swift */ = {isa = PBXFileReference; lastKnownFileType = sourcecode.swift; path = KioskBarcodeCameraView.swift; sourceTree = "<group>"; };
		07116906C1A1FF6F5D10BFA1 /* KioskDesign.swift */ = {isa = PBXFileReference; lastKnownFileType = sourcecode.swift; path = KioskDesign.swift; sourceTree = "<group>"; };
		073F98039DAC37B5AC72487C /* AccountAvatar.swift */ = {isa = PBXFileReference; lastKnownFileType = sourcecode.swift; path = AccountAvatar.swift; sourceTree = "<group>"; };
		089FAA6DDBB831B89ED4E5F5 /* CreateBookingFormRows.swift */ = {isa = PBXFileReference; lastKnownFileType = sourcecode.swift; path = CreateBookingFormRows.swift; sourceTree = "<group>"; };
		0B3D4226E94BA750868A4D0B /* LicensesView.swift */ = {isa = PBXFileReference; lastKnownFileType = sourcecode.swift; path = LicensesView.swift; sourceTree = "<group>"; };
		0D900B3FE267BAB0F0904D07 /* Toast.swift */ = {isa = PBXFileReference; lastKnownFileType = sourcecode.swift; path = Toast.swift; sourceTree = "<group>"; };
		0E5A80EBE9AE9D0094E70FBB /* KioskShellView.swift */ = {isa = PBXFileReference; lastKnownFileType = sourcecode.swift; path = KioskShellView.swift; sourceTree = "<group>"; };
		13D2A559654212BD133FB74F /* KioskStudentHubView.swift */ = {isa = PBXFileReference; lastKnownFileType = sourcecode.swift; path = KioskStudentHubView.swift; sourceTree = "<group>"; };
		14DA88A1DF6F8D23066A07BC /* GuidesView.swift */ = {isa = PBXFileReference; lastKnownFileType = sourcecode.swift; path = GuidesView.swift; sourceTree = "<group>"; };
		1770023701735D8701DCAA5B /* OverdueReportView.swift */ = {isa = PBXFileReference; lastKnownFileType = sourcecode.swift; path = OverdueReportView.swift; sourceTree = "<group>"; };
		1B440FC4AD4F07C1163F8856 /* CheckoutReturnLiveActivityWidget.swift */ = {isa = PBXFileReference; lastKnownFileType = sourcecode.swift; path = CheckoutReturnLiveActivityWidget.swift; sourceTree = "<group>"; };
		2228A84C3CCBC90ABF9103F1 /* BookingsView.swift */ = {isa = PBXFileReference; lastKnownFileType = sourcecode.swift; path = BookingsView.swift; sourceTree = "<group>"; };
		2228C8C2447924ED80ABD8C4 /* CheckoutReturnLiveActivityManager.swift */ = {isa = PBXFileReference; lastKnownFileType = sourcecode.swift; path = CheckoutReturnLiveActivityManager.swift; sourceTree = "<group>"; };
		229CAC26AA9E3BB5EEC36678 /* NotificationModels.swift */ = {isa = PBXFileReference; lastKnownFileType = sourcecode.swift; path = NotificationModels.swift; sourceTree = "<group>"; };
		2536547429CB16E12CB069C0 /* NetworkMonitor.swift */ = {isa = PBXFileReference; lastKnownFileType = sourcecode.swift; path = NetworkMonitor.swift; sourceTree = "<group>"; };
		25CAFE07992F1EB02F507AE2 /* Gotham-Black.ttf */ = {isa = PBXFileReference; lastKnownFileType = file; path = "Gotham-Black.ttf"; sourceTree = "<group>"; };
		294553EF02A8AC64D71ED849 /* Wisconsin.app */ = {isa = PBXFileReference; includeInIndex = 0; lastKnownFileType = wrapper.application; path = Wisconsin.app; sourceTree = BUILT_PRODUCTS_DIR; };
		2A73B2A1C9B274552CBA7C8B /* Haptics.swift */ = {isa = PBXFileReference; lastKnownFileType = sourcecode.swift; path = Haptics.swift; sourceTree = "<group>"; };
		2B0058FB3644F501479BA0D5 /* ExtendBookingSheet.swift */ = {isa = PBXFileReference; lastKnownFileType = sourcecode.swift; path = ExtendBookingSheet.swift; sourceTree = "<group>"; };
		2DCFCD62823EAF922978F5E0 /* PasswordSetupView.swift */ = {isa = PBXFileReference; lastKnownFileType = sourcecode.swift; path = PasswordSetupView.swift; sourceTree = "<group>"; };
		348C1E3385689A947929A115 /* KioskComponents.swift */ = {isa = PBXFileReference; lastKnownFileType = sourcecode.swift; path = KioskComponents.swift; sourceTree = "<group>"; };
		3700D2B2FAE801DC2FF0F1ED /* KioskCheckoutView.swift */ = {isa = PBXFileReference; lastKnownFileType = sourcecode.swift; path = KioskCheckoutView.swift; sourceTree = "<group>"; };
		37FF31264347D4D6932C4DBB /* ScanView.swift */ = {isa = PBXFileReference; lastKnownFileType = sourcecode.swift; path = ScanView.swift; sourceTree = "<group>"; };
		38065600FA5A1C1AC4C8CC2F /* AppState.swift */ = {isa = PBXFileReference; lastKnownFileType = sourcecode.swift; path = AppState.swift; sourceTree = "<group>"; };
		39565FFA7236A61DAD12D9BB /* DateFormats.swift */ = {isa = PBXFileReference; lastKnownFileType = sourcecode.swift; path = DateFormats.swift; sourceTree = "<group>"; };
		3967BD5EC55792F3B9E94724 /* AssetModels.swift */ = {isa = PBXFileReference; lastKnownFileType = sourcecode.swift; path = AssetModels.swift; sourceTree = "<group>"; };
		41D51AC00210AD1B6DE0E466 /* LinkStickerWizard.swift */ = {isa = PBXFileReference; lastKnownFileType = sourcecode.swift; path = LinkStickerWizard.swift; sourceTree = "<group>"; };
		44E5D1DB0C8CBAD5E452E807 /* QRScannerSheet.swift */ = {isa = PBXFileReference; lastKnownFileType = sourcecode.swift; path = QRScannerSheet.swift; sourceTree = "<group>"; };
		468E248680EC5A61BEC1EE38 /* Skeleton.swift */ = {isa = PBXFileReference; lastKnownFileType = sourcecode.swift; path = Skeleton.swift; sourceTree = "<group>"; };
		4A9DAB950F60885A23620BEC /* Brand.swift */ = {isa = PBXFileReference; lastKnownFileType = sourcecode.swift; path = Brand.swift; sourceTree = "<group>"; };
		51D3A73950E2AF7A4B427DAC /* EventWeatherService.swift */ = {isa = PBXFileReference; lastKnownFileType = sourcecode.swift; path = EventWeatherService.swift; sourceTree = "<group>"; };
		552E4A9FC0A2CB73C36F51C6 /* AccountSecuritySettingsView.swift */ = {isa = PBXFileReference; lastKnownFileType = sourcecode.swift; path = AccountSecuritySettingsView.swift; sourceTree = "<group>"; };
		58ABE954706326D6137979FB /* BrowseView.swift */ = {isa = PBXFileReference; lastKnownFileType = sourcecode.swift; path = BrowseView.swift; sourceTree = "<group>"; };
		592769886AB12F6A842CC8CF /* Assets.xcassets */ = {isa = PBXFileReference; lastKnownFileType = folder.assetcatalog; path = Assets.xcassets; sourceTree = "<group>"; };
		59BEC868CE07F10941FEBB5C /* Info.plist */ = {isa = PBXFileReference; lastKnownFileType = text.plist; path = Info.plist; sourceTree = "<group>"; };
		5B540C9027D1885BCBEA2E4D /* Models.swift */ = {isa = PBXFileReference; lastKnownFileType = sourcecode.swift; path = Models.swift; sourceTree = "<group>"; };
		5E180A2286F2673D3B7E2179 /* AppDelegate.swift */ = {isa = PBXFileReference; lastKnownFileType = sourcecode.swift; path = AppDelegate.swift; sourceTree = "<group>"; };
		5FB4AEDFE7F83CC6E155C12D /* EventDetailSheet.swift */ = {isa = PBXFileReference; lastKnownFileType = sourcecode.swift; path = EventDetailSheet.swift; sourceTree = "<group>"; };
		6148A160C162A021FF9DE4C0 /* FormModels.swift */ = {isa = PBXFileReference; lastKnownFileType = sourcecode.swift; path = FormModels.swift; sourceTree = "<group>"; };
		649B6E0F68D9B5DB4D054656 /* KioskIdleView.swift */ = {isa = PBXFileReference; lastKnownFileType = sourcecode.swift; path = KioskIdleView.swift; sourceTree = "<group>"; };
		64F14676788E6FA7CDD08D48 /* HomeView.swift */ = {isa = PBXFileReference; lastKnownFileType = sourcecode.swift; path = HomeView.swift; sourceTree = "<group>"; };
		687337C19E47FE94FE56F9BF /* KioskReturnView.swift */ = {isa = PBXFileReference; lastKnownFileType = sourcecode.swift; path = KioskReturnView.swift; sourceTree = "<group>"; };
		6A2DFDC7A0C7BD6C018D43D2 /* PushPrePromptView.swift */ = {isa = PBXFileReference; lastKnownFileType = sourcecode.swift; path = PushPrePromptView.swift; sourceTree = "<group>"; };
		6AFF5F65A92CEAED518EF6E6 /* CreateBookingPickers.swift */ = {isa = PBXFileReference; lastKnownFileType = sourcecode.swift; path = CreateBookingPickers.swift; sourceTree = "<group>"; };
		6B64F325136AF7626ECECE8C /* UserDetailView.swift */ = {isa = PBXFileReference; lastKnownFileType = sourcecode.swift; path = UserDetailView.swift; sourceTree = "<group>"; };
		6D6258D04F2CBF34C14EBB69 /* LoginView.swift */ = {isa = PBXFileReference; lastKnownFileType = sourcecode.swift; path = LoginView.swift; sourceTree = "<group>"; };
		6ED3D57FAA3E94281C3FF27C /* APIClient.swift */ = {isa = PBXFileReference; lastKnownFileType = sourcecode.swift; path = APIClient.swift; sourceTree = "<group>"; };
		74157D1DF3F4EF9F53F70494 /* ScheduleView.swift */ = {isa = PBXFileReference; lastKnownFileType = sourcecode.swift; path = ScheduleView.swift; sourceTree = "<group>"; };
		74EFD042F26EA7BE52FA67E3 /* SearchService.swift */ = {isa = PBXFileReference; lastKnownFileType = sourcecode.swift; path = SearchService.swift; sourceTree = "<group>"; };
		783E3F89AF08A64D8BE2685D /* KioskActivationView.swift */ = {isa = PBXFileReference; lastKnownFileType = sourcecode.swift; path = KioskActivationView.swift; sourceTree = "<group>"; };
		80B4D45C3B7B120931B9ACC0 /* WisconsinKiosk.app */ = {isa = PBXFileReference; includeInIndex = 0; lastKnownFileType = wrapper.application; path = WisconsinKiosk.app; sourceTree = BUILT_PRODUCTS_DIR; };
		80CA4880F08046F8E23F079B /* ItemDetailView.swift */ = {isa = PBXFileReference; lastKnownFileType = sourcecode.swift; path = ItemDetailView.swift; sourceTree = "<group>"; };
		843772771897AABEF8DD1F93 /* BannerView.swift */ = {isa = PBXFileReference; lastKnownFileType = sourcecode.swift; path = BannerView.swift; sourceTree = "<group>"; };
		87AF393E027CAF24A08F414E /* WeatherKit.framework */ = {isa = PBXFileReference; lastKnownFileType = wrapper.framework; name = WeatherKit.framework; path = System/Library/Frameworks/WeatherKit.framework; sourceTree = SDKROOT; };
		88F162C9B5233CB44C35E9E5 /* WisconsinLiveActivities.appex */ = {isa = PBXFileReference; includeInIndex = 0; lastKnownFileType = "wrapper.app-extension"; path = WisconsinLiveActivities.appex; sourceTree = BUILT_PRODUCTS_DIR; };
		88FF0CACAB4BD4886FD0219B /* CreateBookingEventViews.swift */ = {isa = PBXFileReference; lastKnownFileType = sourcecode.swift; path = CreateBookingEventViews.swift; sourceTree = "<group>"; };
		8F94CA79BF538DBB6FF7F225 /* UsersView.swift */ = {isa = PBXFileReference; lastKnownFileType = sourcecode.swift; path = UsersView.swift; sourceTree = "<group>"; };
		93A02FB7D1B8ADC547189F1A /* ScanPrePromptView.swift */ = {isa = PBXFileReference; lastKnownFileType = sourcecode.swift; path = ScanPrePromptView.swift; sourceTree = "<group>"; };
		96636E404DEEEDA5C6046ADB /* AddShiftSheet.swift */ = {isa = PBXFileReference; lastKnownFileType = sourcecode.swift; path = AddShiftSheet.swift; sourceTree = "<group>"; };
		9CDE77AE37C01B8DA663C7CE /* Info.plist */ = {isa = PBXFileReference; lastKnownFileType = text.plist; path = Info.plist; sourceTree = "<group>"; };
		9E58906A0DD7BCF5024161BE /* NotificationsSheet.swift */ = {isa = PBXFileReference; lastKnownFileType = sourcecode.swift; path = NotificationsSheet.swift; sourceTree = "<group>"; };
		A16A76819006E71CB2219DB9 /* Wisconsin.entitlements */ = {isa = PBXFileReference; lastKnownFileType = text.plist.entitlements; path = Wisconsin.entitlements; sourceTree = "<group>"; };
		A6B542F56A00A8C2FEB2078C /* ScannerDebuggerView.swift */ = {isa = PBXFileReference; lastKnownFileType = sourcecode.swift; path = ScannerDebuggerView.swift; sourceTree = "<group>"; };
		A9374732F63AA4EA283094F0 /* AssignStudentSheet.swift */ = {isa = PBXFileReference; lastKnownFileType = sourcecode.swift; path = AssignStudentSheet.swift; sourceTree = "<group>"; };
		A943ABC3AA353DC3AAEA0B3A /* ScheduleDateMathTests.swift */ = {isa = PBXFileReference; lastKnownFileType = sourcecode.swift; path = ScheduleDateMathTests.swift; sourceTree = "<group>"; };
		A97E29E06DBD7A4474F9E66A /* StatusPill.swift */ = {isa = PBXFileReference; lastKnownFileType = sourcecode.swift; path = StatusPill.swift; sourceTree = "<group>"; };
		AB412E1DD8493D282F261563 /* CreateBookingViewModel.swift */ = {isa = PBXFileReference; lastKnownFileType = sourcecode.swift; path = CreateBookingViewModel.swift; sourceTree = "<group>"; };
		AD7494E64F4395E73A7AA6C1 /* SearchResultRow.swift */ = {isa = PBXFileReference; lastKnownFileType = sourcecode.swift; path = SearchResultRow.swift; sourceTree = "<group>"; };
		B037789B5F94297AC27AA18B /* Info.plist */ = {isa = PBXFileReference; lastKnownFileType = text.plist; path = Info.plist; sourceTree = "<group>"; };
		B04517A8131BAA862DB3FF5E /* ProfileView.swift */ = {isa = PBXFileReference; lastKnownFileType = sourcecode.swift; path = ProfileView.swift; sourceTree = "<group>"; };
		B208F1EB8DD4DA49DADC1CAB /* AppTabView.swift */ = {isa = PBXFileReference; lastKnownFileType = sourcecode.swift; path = AppTabView.swift; sourceTree = "<group>"; };
		B24728E65A42F40EDB0BBCF8 /* KioskOnlyApp.swift */ = {isa = PBXFileReference; lastKnownFileType = sourcecode.swift; path = KioskOnlyApp.swift; sourceTree = "<group>"; };
		B76322B9A6F0D5B70487D0F2 /* SidebarWebDestinationView.swift */ = {isa = PBXFileReference; lastKnownFileType = sourcecode.swift; path = SidebarWebDestinationView.swift; sourceTree = "<group>"; };
		BA04562F7C424114F304B494 /* BookingDetailView.swift */ = {isa = PBXFileReference; lastKnownFileType = sourcecode.swift; path = BookingDetailView.swift; sourceTree = "<group>"; };
		BA5C2531E017BDBDE5EFDDFE /* KioskAPIClient.swift */ = {isa = PBXFileReference; lastKnownFileType = sourcecode.swift; path = KioskAPIClient.swift; sourceTree = "<group>"; };
		BB8C14E1F7005B408A6A4CCD /* DashboardModels.swift */ = {isa = PBXFileReference; lastKnownFileType = sourcecode.swift; path = DashboardModels.swift; sourceTree = "<group>"; };
		C0F3BC3F7FE6F8F1E7056578 /* KioskScannerField.swift */ = {isa = PBXFileReference; lastKnownFileType = sourcecode.swift; path = KioskScannerField.swift; sourceTree = "<group>"; };
		C2159F738CA242773EA9D438 /* NotificationSettingsView.swift */ = {isa = PBXFileReference; lastKnownFileType = sourcecode.swift; path = NotificationSettingsView.swift; sourceTree = "<group>"; };
		C2BBAACBEA87B1EE9FEBC287 /* UserAvatarView.swift */ = {isa = PBXFileReference; lastKnownFileType = sourcecode.swift; path = UserAvatarView.swift; sourceTree = "<group>"; };
		C6D1B302F1FC5245180A17CD /* ThumbnailLoader.swift */ = {isa = PBXFileReference; lastKnownFileType = sourcecode.swift; path = ThumbnailLoader.swift; sourceTree = "<group>"; };
		C76AD0C31463DD95EE65E1E6 /* PostTradeSheet.swift */ = {isa = PBXFileReference; lastKnownFileType = sourcecode.swift; path = PostTradeSheet.swift; sourceTree = "<group>"; };
		D2CCD2319C4A2279FAAB048E /* WisconsinTests.xctest */ = {isa = PBXFileReference; includeInIndex = 0; lastKnownFileType = wrapper.cfbundle; path = WisconsinTests.xctest; sourceTree = BUILT_PRODUCTS_DIR; };
		D3BDE438C8F05EAA14B299BB /* WisconsinApp.swift */ = {isa = PBXFileReference; lastKnownFileType = sourcecode.swift; path = WisconsinApp.swift; sourceTree = "<group>"; };
		D4C885700380306D486A94C9 /* CreateBookingEquipmentRows.swift */ = {isa = PBXFileReference; lastKnownFileType = sourcecode.swift; path = CreateBookingEquipmentRows.swift; sourceTree = "<group>"; };
		D50B2D1EA31765C957FED322 /* ScheduleModels.swift */ = {isa = PBXFileReference; lastKnownFileType = sourcecode.swift; path = ScheduleModels.swift; sourceTree = "<group>"; };
		D5EC344925B5666C2CA8F773 /* GlobalSearchSheet.swift */ = {isa = PBXFileReference; lastKnownFileType = sourcecode.swift; path = GlobalSearchSheet.swift; sourceTree = "<group>"; };
		DB5E4D4F3F432CE124DE63A8 /* KioskPickupView.swift */ = {isa = PBXFileReference; lastKnownFileType = sourcecode.swift; path = KioskPickupView.swift; sourceTree = "<group>"; };
		DE250FADCDB66EDCBD5DF234 /* AvailabilityView.swift */ = {isa = PBXFileReference; lastKnownFileType = sourcecode.swift; path = AvailabilityView.swift; sourceTree = "<group>"; };
		DF17654612E5CA2EBF575539 /* KioskColors.swift */ = {isa = PBXFileReference; lastKnownFileType = sourcecode.swift; path = KioskColors.swift; sourceTree = "<group>"; };
		E11254A1E4647B8B02F4890A /* CheckoutReturnActivityAttributes.swift */ = {isa = PBXFileReference; lastKnownFileType = sourcecode.swift; path = CheckoutReturnActivityAttributes.swift; sourceTree = "<group>"; };
		E968BAF46C8E557831F73C27 /* KioskSuccessView.swift */ = {isa = PBXFileReference; lastKnownFileType = sourcecode.swift; path = KioskSuccessView.swift; sourceTree = "<group>"; };
		EB6A309FA698276EE001EE07 /* Preferences.swift */ = {isa = PBXFileReference; lastKnownFileType = sourcecode.swift; path = Preferences.swift; sourceTree = "<group>"; };
		EC21A466188CE0D3011728F2 /* ShiftTradeModels.swift */ = {isa = PBXFileReference; lastKnownFileType = sourcecode.swift; path = ShiftTradeModels.swift; sourceTree = "<group>"; };
		F12684601FE641B454D0219B /* ItemsView.swift */ = {isa = PBXFileReference; lastKnownFileType = sourcecode.swift; path = ItemsView.swift; sourceTree = "<group>"; };
		F1F3FA2D4C06E966E6BA030B /* CreateBookingSheet.swift */ = {isa = PBXFileReference; lastKnownFileType = sourcecode.swift; path = CreateBookingSheet.swift; sourceTree = "<group>"; };
		F2E89852F4DC85939BA9A8AA /* FloatingSearchButton.swift */ = {isa = PBXFileReference; lastKnownFileType = sourcecode.swift; path = FloatingSearchButton.swift; sourceTree = "<group>"; };
		F52833BE41AB34A8FFA43FE2 /* TradeBoardSheet.swift */ = {isa = PBXFileReference; lastKnownFileType = sourcecode.swift; path = TradeBoardSheet.swift; sourceTree = "<group>"; };
		F79BD5C4616572A064F43254 /* Gotham-Bold.ttf */ = {isa = PBXFileReference; lastKnownFileType = file; path = "Gotham-Bold.ttf"; sourceTree = "<group>"; };
		FA38BB094C95612DBF9F1C24 /* KioskStore.swift */ = {isa = PBXFileReference; lastKnownFileType = sourcecode.swift; path = KioskStore.swift; sourceTree = "<group>"; };
		FAD4EC3F211EACBB157F7DDE /* GearStore.swift */ = {isa = PBXFileReference; lastKnownFileType = sourcecode.swift; path = GearStore.swift; sourceTree = "<group>"; };
		FC5B889D242E8A0835B68845 /* ScanResultHeroCard.swift */ = {isa = PBXFileReference; lastKnownFileType = sourcecode.swift; path = ScanResultHeroCard.swift; sourceTree = "<group>"; };
/* End PBXFileReference section */

/* Begin PBXFrameworksBuildPhase section */
		4131A75354D9B9C47C13175A /* Frameworks */ = {
			isa = PBXFrameworksBuildPhase;
			buildActionMask = 2147483647;
			files = (
				B276BCB07DEE006B7B4BA266 /* WeatherKit.framework in Frameworks */,
			);
			runOnlyForDeploymentPostprocessing = 0;
		};
/* End PBXFrameworksBuildPhase section */

/* Begin PBXGroup section */
		1414D7CCBD97C717AE465FD0 /* Wisconsin */ = {
			isa = PBXGroup;
			children = (
				592769886AB12F6A842CC8CF /* Assets.xcassets */,
				A16A76819006E71CB2219DB9 /* Wisconsin.entitlements */,
				597D878F5B57CA4F5E2F5F05 /* App */,
				E1B33BB857133B356F794A8B /* Core */,
				B98530FDE6F2D3820422A8EF /* Kiosk */,
				7E86B77AC3A3DFF7175FFCA4 /* KioskOnly */,
				7185FFCB990BED0343A334A5 /* LiveActivities */,
				81829E068FCED51275ACCDFB /* Models */,
				32C26FE34A33AD88F5196A5D /* Resources */,
				348EF5C26E708380D994ED22 /* Supporting */,
				E5EFEF895EF2453C237A9A5C /* Views */,
			);
			path = Wisconsin;
			sourceTree = "<group>";
		};
		32C26FE34A33AD88F5196A5D /* Resources */ = {
			isa = PBXGroup;
			children = (
				BDBDA06B2821845BD16CD1B8 /* Fonts */,
			);
			path = Resources;
			sourceTree = "<group>";
		};
		348EF5C26E708380D994ED22 /* Supporting */ = {
			isa = PBXGroup;
			children = (
				9CDE77AE37C01B8DA663C7CE /* Info.plist */,
			);
			path = Supporting;
			sourceTree = "<group>";
		};
		4000675A530740785C2DA0A8 /* WisconsinLiveActivities */ = {
			isa = PBXGroup;
			children = (
				1B440FC4AD4F07C1163F8856 /* CheckoutReturnLiveActivityWidget.swift */,
				B037789B5F94297AC27AA18B /* Info.plist */,
			);
			path = WisconsinLiveActivities;
			sourceTree = "<group>";
		};
		4E310D05AC0591B9C424B405 /* Components */ = {
			isa = PBXGroup;
			children = (
				843772771897AABEF8DD1F93 /* BannerView.swift */,
				468E248680EC5A61BEC1EE38 /* Skeleton.swift */,
				A97E29E06DBD7A4474F9E66A /* StatusPill.swift */,
				0D900B3FE267BAB0F0904D07 /* Toast.swift */,
				C2BBAACBEA87B1EE9FEBC287 /* UserAvatarView.swift */,
			);
			path = Components;
			sourceTree = "<group>";
		};
		56BA9B99E8BB9A2E7D01253E /* Frameworks */ = {
			isa = PBXGroup;
			children = (
				87AF393E027CAF24A08F414E /* WeatherKit.framework */,
			);
			name = Frameworks;
			sourceTree = "<group>";
		};
		597D878F5B57CA4F5E2F5F05 /* App */ = {
			isa = PBXGroup;
			children = (
				5E180A2286F2673D3B7E2179 /* AppDelegate.swift */,
				D3BDE438C8F05EAA14B299BB /* WisconsinApp.swift */,
			);
			path = App;
			sourceTree = "<group>";
		};
		649EB01281625219848D23B2 = {
			isa = PBXGroup;
			children = (
				1414D7CCBD97C717AE465FD0 /* Wisconsin */,
				4000675A530740785C2DA0A8 /* WisconsinLiveActivities */,
				EDA403CEE6E28FEE6DB3375A /* WisconsinTests */,
				56BA9B99E8BB9A2E7D01253E /* Frameworks */,
				FAC33595C52A409299C15513 /* Products */,
			);
			sourceTree = "<group>";
		};
		7185FFCB990BED0343A334A5 /* LiveActivities */ = {
			isa = PBXGroup;
			children = (
				E11254A1E4647B8B02F4890A /* CheckoutReturnActivityAttributes.swift */,
				2228C8C2447924ED80ABD8C4 /* CheckoutReturnLiveActivityManager.swift */,
			);
			path = LiveActivities;
			sourceTree = "<group>";
		};
		7E86B77AC3A3DFF7175FFCA4 /* KioskOnly */ = {
			isa = PBXGroup;
			children = (
				59BEC868CE07F10941FEBB5C /* Info.plist */,
				B24728E65A42F40EDB0BBCF8 /* KioskOnlyApp.swift */,
			);
			path = KioskOnly;
			sourceTree = "<group>";
		};
		7F8F46234DBAD63AE7CDEB70 /* DevTools */ = {
			isa = PBXGroup;
			children = (
				41D51AC00210AD1B6DE0E466 /* LinkStickerWizard.swift */,
				A6B542F56A00A8C2FEB2078C /* ScannerDebuggerView.swift */,
			);
			path = DevTools;
			sourceTree = "<group>";
		};
		81829E068FCED51275ACCDFB /* Models */ = {
			isa = PBXGroup;
			children = (
				3967BD5EC55792F3B9E94724 /* AssetModels.swift */,
				BB8C14E1F7005B408A6A4CCD /* DashboardModels.swift */,
				6148A160C162A021FF9DE4C0 /* FormModels.swift */,
				5B540C9027D1885BCBEA2E4D /* Models.swift */,
				229CAC26AA9E3BB5EEC36678 /* NotificationModels.swift */,
				D50B2D1EA31765C957FED322 /* ScheduleModels.swift */,
				EC21A466188CE0D3011728F2 /* ShiftTradeModels.swift */,
			);
			path = Models;
			sourceTree = "<group>";
		};
		8FCC7C40A7D74BEFD82F01B5 /* Search */ = {
			isa = PBXGroup;
			children = (
				F2E89852F4DC85939BA9A8AA /* FloatingSearchButton.swift */,
				D5EC344925B5666C2CA8F773 /* GlobalSearchSheet.swift */,
				44E5D1DB0C8CBAD5E452E807 /* QRScannerSheet.swift */,
				FC5B889D242E8A0835B68845 /* ScanResultHeroCard.swift */,
				AD7494E64F4395E73A7AA6C1 /* SearchResultRow.swift */,
			);
			path = Search;
			sourceTree = "<group>";
		};
		B98530FDE6F2D3820422A8EF /* Kiosk */ = {
			isa = PBXGroup;
			children = (
				783E3F89AF08A64D8BE2685D /* KioskActivationView.swift */,
				BA5C2531E017BDBDE5EFDDFE /* KioskAPIClient.swift */,
				06C085E7CDEC3CCE6DFDD630 /* KioskBarcodeCameraView.swift */,
				3700D2B2FAE801DC2FF0F1ED /* KioskCheckoutView.swift */,
				DF17654612E5CA2EBF575539 /* KioskColors.swift */,
				348C1E3385689A947929A115 /* KioskComponents.swift */,
				07116906C1A1FF6F5D10BFA1 /* KioskDesign.swift */,
				649B6E0F68D9B5DB4D054656 /* KioskIdleView.swift */,
				02B29E7150D396D5C8236398 /* KioskModels.swift */,
				046675A42DFADB1133461EDD /* KioskNativeTextField.swift */,
				DB5E4D4F3F432CE124DE63A8 /* KioskPickupView.swift */,
				687337C19E47FE94FE56F9BF /* KioskReturnView.swift */,
				C0F3BC3F7FE6F8F1E7056578 /* KioskScannerField.swift */,
				0E5A80EBE9AE9D0094E70FBB /* KioskShellView.swift */,
				FA38BB094C95612DBF9F1C24 /* KioskStore.swift */,
				13D2A559654212BD133FB74F /* KioskStudentHubView.swift */,
				E968BAF46C8E557831F73C27 /* KioskSuccessView.swift */,
			);
			path = Kiosk;
			sourceTree = "<group>";
		};
		BDBDA06B2821845BD16CD1B8 /* Fonts */ = {
			isa = PBXGroup;
			children = (
				25CAFE07992F1EB02F507AE2 /* Gotham-Black.ttf */,
				F79BD5C4616572A064F43254 /* Gotham-Bold.ttf */,
			);
			path = Fonts;
			sourceTree = "<group>";
		};
		CD10799A1237302B1D05E01C /* Schedule */ = {
			isa = PBXGroup;
			children = (
				96636E404DEEEDA5C6046ADB /* AddShiftSheet.swift */,
				A9374732F63AA4EA283094F0 /* AssignStudentSheet.swift */,
				C76AD0C31463DD95EE65E1E6 /* PostTradeSheet.swift */,
				F52833BE41AB34A8FFA43FE2 /* TradeBoardSheet.swift */,
			);
			path = Schedule;
			sourceTree = "<group>";
		};
		E1B33BB857133B356F794A8B /* Core */ = {
			isa = PBXGroup;
			children = (
				6ED3D57FAA3E94281C3FF27C /* APIClient.swift */,
				38065600FA5A1C1AC4C8CC2F /* AppState.swift */,
				4A9DAB950F60885A23620BEC /* Brand.swift */,
				39565FFA7236A61DAD12D9BB /* DateFormats.swift */,
				51D3A73950E2AF7A4B427DAC /* EventWeatherService.swift */,
				FAD4EC3F211EACBB157F7DDE /* GearStore.swift */,
				2A73B2A1C9B274552CBA7C8B /* Haptics.swift */,
				2536547429CB16E12CB069C0 /* NetworkMonitor.swift */,
				EB6A309FA698276EE001EE07 /* Preferences.swift */,
				74EFD042F26EA7BE52FA67E3 /* SearchService.swift */,
				0189482D68508F45B086F46F /* SessionStore.swift */,
				C6D1B302F1FC5245180A17CD /* ThumbnailLoader.swift */,
			);
			path = Core;
			sourceTree = "<group>";
		};
		E5EFEF895EF2453C237A9A5C /* Views */ = {
			isa = PBXGroup;
			children = (
				073F98039DAC37B5AC72487C /* AccountAvatar.swift */,
				552E4A9FC0A2CB73C36F51C6 /* AccountSecuritySettingsView.swift */,
				B208F1EB8DD4DA49DADC1CAB /* AppTabView.swift */,
				DE250FADCDB66EDCBD5DF234 /* AvailabilityView.swift */,
				BA04562F7C424114F304B494 /* BookingDetailView.swift */,
				2228A84C3CCBC90ABF9103F1 /* BookingsView.swift */,
				58ABE954706326D6137979FB /* BrowseView.swift */,
				F1F3FA2D4C06E966E6BA030B /* CreateBookingSheet.swift */,
				5FB4AEDFE7F83CC6E155C12D /* EventDetailSheet.swift */,
				2B0058FB3644F501479BA0D5 /* ExtendBookingSheet.swift */,
				14DA88A1DF6F8D23066A07BC /* GuidesView.swift */,
				64F14676788E6FA7CDD08D48 /* HomeView.swift */,
				80CA4880F08046F8E23F079B /* ItemDetailView.swift */,
				F12684601FE641B454D0219B /* ItemsView.swift */,
				0B3D4226E94BA750868A4D0B /* LicensesView.swift */,
				6D6258D04F2CBF34C14EBB69 /* LoginView.swift */,
				C2159F738CA242773EA9D438 /* NotificationSettingsView.swift */,
				9E58906A0DD7BCF5024161BE /* NotificationsSheet.swift */,
				1770023701735D8701DCAA5B /* OverdueReportView.swift */,
				2DCFCD62823EAF922978F5E0 /* PasswordSetupView.swift */,
				B04517A8131BAA862DB3FF5E /* ProfileView.swift */,
				6A2DFDC7A0C7BD6C018D43D2 /* PushPrePromptView.swift */,
				93A02FB7D1B8ADC547189F1A /* ScanPrePromptView.swift */,
				37FF31264347D4D6932C4DBB /* ScanView.swift */,
				74157D1DF3F4EF9F53F70494 /* ScheduleView.swift */,
				B76322B9A6F0D5B70487D0F2 /* SidebarWebDestinationView.swift */,
				6B64F325136AF7626ECECE8C /* UserDetailView.swift */,
				8F94CA79BF538DBB6FF7F225 /* UsersView.swift */,
				4E310D05AC0591B9C424B405 /* Components */,
				EC8F8121B14F9F92C8A25372 /* CreateBooking */,
				7F8F46234DBAD63AE7CDEB70 /* DevTools */,
				CD10799A1237302B1D05E01C /* Schedule */,
				8FCC7C40A7D74BEFD82F01B5 /* Search */,
			);
			path = Views;
			sourceTree = "<group>";
		};
		EC8F8121B14F9F92C8A25372 /* CreateBooking */ = {
			isa = PBXGroup;
			children = (
				D4C885700380306D486A94C9 /* CreateBookingEquipmentRows.swift */,
				88FF0CACAB4BD4886FD0219B /* CreateBookingEventViews.swift */,
				089FAA6DDBB831B89ED4E5F5 /* CreateBookingFormRows.swift */,
				6AFF5F65A92CEAED518EF6E6 /* CreateBookingPickers.swift */,
				AB412E1DD8493D282F261563 /* CreateBookingViewModel.swift */,
			);
			path = CreateBooking;
			sourceTree = "<group>";
		};
		EDA403CEE6E28FEE6DB3375A /* WisconsinTests */ = {
			isa = PBXGroup;
			children = (
				A943ABC3AA353DC3AAEA0B3A /* ScheduleDateMathTests.swift */,
			);
			path = WisconsinTests;
			sourceTree = "<group>";
		};
		FAC33595C52A409299C15513 /* Products */ = {
			isa = PBXGroup;
			children = (
				294553EF02A8AC64D71ED849 /* Wisconsin.app */,
				80B4D45C3B7B120931B9ACC0 /* WisconsinKiosk.app */,
				88F162C9B5233CB44C35E9E5 /* WisconsinLiveActivities.appex */,
				D2CCD2319C4A2279FAAB048E /* WisconsinTests.xctest */,
			);
			name = Products;
			sourceTree = "<group>";
		};
/* End PBXGroup section */

/* Begin PBXNativeTarget section */
		5731E598F30EDA43B52B4002 /* Wisconsin */ = {
			isa = PBXNativeTarget;
			buildConfigurationList = 7B03CFBF7061C8A8E1F40718 /* Build configuration list for PBXNativeTarget "Wisconsin" */;
			buildPhases = (
				ABB8BC4733CB796A48A557D1 /* Sources */,
				028CA1F838882E12487697F8 /* Resources */,
				4131A75354D9B9C47C13175A /* Frameworks */,
				E8E4190341EF62FD1DBC213B /* Embed Foundation Extensions */,
			);
			buildRules = (
			);
			dependencies = (
				3F644F8F87D6D51846AF5ECC /* PBXTargetDependency */,
			);
			name = Wisconsin;
			packageProductDependencies = (
			);
			productName = Wisconsin;
			productReference = 294553EF02A8AC64D71ED849 /* Wisconsin.app */;
			productType = "com.apple.product-type.application";
		};
		58413BF8F25E6ACC210F6B81 /* WisconsinKiosk */ = {
			isa = PBXNativeTarget;
			buildConfigurationList = D102EB2B5CD87AFFD8F91CB6 /* Build configuration list for PBXNativeTarget "WisconsinKiosk" */;
			buildPhases = (
				8E829011F7928BF867D1A11B /* Sources */,
				7DA196BAC0005F2276DB38B6 /* Resources */,
			);
			buildRules = (
			);
			dependencies = (
			);
			name = WisconsinKiosk;
			packageProductDependencies = (
			);
			productName = WisconsinKiosk;
			productReference = 80B4D45C3B7B120931B9ACC0 /* WisconsinKiosk.app */;
			productType = "com.apple.product-type.application";
		};
		AE5BC122AAA548CB394E1598 /* WisconsinLiveActivities */ = {
			isa = PBXNativeTarget;
			buildConfigurationList = 05D72B203B988EFC32B2A88B /* Build configuration list for PBXNativeTarget "WisconsinLiveActivities" */;
			buildPhases = (
				9873F6963E4E58809C13D3AC /* Sources */,
			);
			buildRules = (
			);
			dependencies = (
			);
			name = WisconsinLiveActivities;
			packageProductDependencies = (
			);
			productName = WisconsinLiveActivities;
			productReference = 88F162C9B5233CB44C35E9E5 /* WisconsinLiveActivities.appex */;
			productType = "com.apple.product-type.app-extension";
		};
		EB002774201125D2164CE813 /* WisconsinTests */ = {
			isa = PBXNativeTarget;
			buildConfigurationList = 179CEE1BC96BDC8C5316C0E3 /* Build configuration list for PBXNativeTarget "WisconsinTests" */;
			buildPhases = (
				2D09C8EE0AC407D1B881A6FD /* Sources */,
			);
			buildRules = (
			);
			dependencies = (
				7F8C5DBF52138F73AC28AB84 /* PBXTargetDependency */,
			);
			name = WisconsinTests;
			packageProductDependencies = (
			);
			productName = WisconsinTests;
			productReference = D2CCD2319C4A2279FAAB048E /* WisconsinTests.xctest */;
			productType = "com.apple.product-type.bundle.unit-test";
		};
/* End PBXNativeTarget section */

/* Begin PBXProject section */
		335BE05E032A4F56E50B98CC /* Project object */ = {
			isa = PBXProject;
			attributes = {
				BuildIndependentTargetsInParallel = YES;
				LastUpgradeCheck = 1600;
				TargetAttributes = {
					5731E598F30EDA43B52B4002 = {
						DevelopmentTeam = T26T3G8C7Q;
					};
					58413BF8F25E6ACC210F6B81 = {
						DevelopmentTeam = T26T3G8C7Q;
					};
					AE5BC122AAA548CB394E1598 = {
						DevelopmentTeam = T26T3G8C7Q;
					};
					EB002774201125D2164CE813 = {
						DevelopmentTeam = T26T3G8C7Q;
					};
				};
			};
			buildConfigurationList = 5728D6AA97025032A6EE9DAD /* Build configuration list for PBXProject "Wisconsin" */;
			developmentRegion = en;
			hasScannedForEncodings = 0;
			knownRegions = (
				Base,
				en,
			);
			mainGroup = 649EB01281625219848D23B2;
			minimizedProjectReferenceProxies = 1;
			preferredProjectObjectVersion = 77;
			productRefGroup = FAC33595C52A409299C15513 /* Products */;
			projectDirPath = "";
			projectRoot = "";
			targets = (
				5731E598F30EDA43B52B4002 /* Wisconsin */,
				58413BF8F25E6ACC210F6B81 /* WisconsinKiosk */,
				AE5BC122AAA548CB394E1598 /* WisconsinLiveActivities */,
				EB002774201125D2164CE813 /* WisconsinTests */,
			);
		};
/* End PBXProject section */

/* Begin PBXResourcesBuildPhase section */
		028CA1F838882E12487697F8 /* Resources */ = {
			isa = PBXResourcesBuildPhase;
			buildActionMask = 2147483647;
			files = (
				12BE5380A72CE66E23CA39CD /* Assets.xcassets in Resources */,
				AE02BC8C269DDE4A15E54745 /* Gotham-Black.ttf in Resources */,
				16180470B97E979363856F90 /* Gotham-Bold.ttf in Resources */,
			);
			runOnlyForDeploymentPostprocessing = 0;
		};
		7DA196BAC0005F2276DB38B6 /* Resources */ = {
			isa = PBXResourcesBuildPhase;
			buildActionMask = 2147483647;
			files = (
				783075F2A904D279CA0653C5 /* Assets.xcassets in Resources */,
				1055262B6F98F58C10AC34F1 /* Gotham-Black.ttf in Resources */,
				3C5D633C4299CA79C40FCFBA /* Gotham-Bold.ttf in Resources */,
			);
			runOnlyForDeploymentPostprocessing = 0;
		};
/* End PBXResourcesBuildPhase section */

/* Begin PBXSourcesBuildPhase section */
		2D09C8EE0AC407D1B881A6FD /* Sources */ = {
			isa = PBXSourcesBuildPhase;
			buildActionMask = 2147483647;
			files = (
				B0583B1951EA442CCD563320 /* ScheduleDateMathTests.swift in Sources */,
			);
			runOnlyForDeploymentPostprocessing = 0;
		};
		8E829011F7928BF867D1A11B /* Sources */ = {
			isa = PBXSourcesBuildPhase;
			buildActionMask = 2147483647;
			files = (
				654893DACB94A0EDA73141DF /* KioskAPIClient.swift in Sources */,
				4B2A968B07EADEF18DEAD46D /* KioskActivationView.swift in Sources */,
				9920100D23D0FF37F2528340 /* KioskBarcodeCameraView.swift in Sources */,
				3626807CF358067A4EF9AF15 /* KioskCheckoutView.swift in Sources */,
				3EA409C06E497D3FCA3ECF8B /* KioskColors.swift in Sources */,
				F2A0A3013F3F22792FA32C84 /* KioskComponents.swift in Sources */,
				92FB41EABAD386A10484F5D8 /* KioskDesign.swift in Sources */,
				9F8F4FCCB5B170E4C08FEBA1 /* KioskIdleView.swift in Sources */,
				41B90D7E34083A1070406934 /* KioskModels.swift in Sources */,
				C72EB6E27A3B853D2B074874 /* KioskNativeTextField.swift in Sources */,
				CB5A9F4D1449DDAFF063E6A6 /* KioskOnlyApp.swift in Sources */,
				03D13CE00A34B9C6DD2AB6EF /* KioskPickupView.swift in Sources */,
				843586F2B58722883BD12D08 /* KioskReturnView.swift in Sources */,
				BE2D1BB7DCF9C234B14A9A7C /* KioskScannerField.swift in Sources */,
				9CF45F32E90F4C03DDE548AB /* KioskShellView.swift in Sources */,
				F3AE80E47FC7B6AAA76035B6 /* KioskStore.swift in Sources */,
				01DEED9E4C2F825C34D40BC9 /* KioskStudentHubView.swift in Sources */,
				E6F51692EA10D1DF6DA5F049 /* KioskSuccessView.swift in Sources */,
			);
			runOnlyForDeploymentPostprocessing = 0;
		};
		9873F6963E4E58809C13D3AC /* Sources */ = {
			isa = PBXSourcesBuildPhase;
			buildActionMask = 2147483647;
			files = (
				D4355A04DA0626C754E3993C /* CheckoutReturnActivityAttributes.swift in Sources */,
				59A62659B5B66ECB9776D716 /* CheckoutReturnLiveActivityWidget.swift in Sources */,
			);
			runOnlyForDeploymentPostprocessing = 0;
		};
		ABB8BC4733CB796A48A557D1 /* Sources */ = {
			isa = PBXSourcesBuildPhase;
			buildActionMask = 2147483647;
			files = (
				1AC641AD94A229A52FE17AE0 /* APIClient.swift in Sources */,
				84BE753FF259E17D637E6482 /* AccountAvatar.swift in Sources */,
				31BA906AD0D633053D4804B7 /* AccountSecuritySettingsView.swift in Sources */,
				A6176C75B21A5C4695A8E11F /* AddShiftSheet.swift in Sources */,
				33F2166407B607A0DADC78B2 /* AppDelegate.swift in Sources */,
				96DAC20EB887DA3916DEE474 /* AppState.swift in Sources */,
				E74AB0C45B70B59CEBC79AC4 /* AppTabView.swift in Sources */,
				C3C5D175C583096B0D645F24 /* AssetModels.swift in Sources */,
				DC10577F4AF30D4E44E08B63 /* AssignStudentSheet.swift in Sources */,
				56A81DDDEF06AB1D40D13B33 /* AvailabilityView.swift in Sources */,
				6A2AF05B82DC2BA24217048C /* BannerView.swift in Sources */,
				69DD68092CDC35D6924052DF /* BookingDetailView.swift in Sources */,
				B2FEB545EEB4F42FE18F292F /* BookingsView.swift in Sources */,
				41891E6B69644BB1DB025CB9 /* Brand.swift in Sources */,
				71675D3559403AAD9354C225 /* BrowseView.swift in Sources */,
				41B304E3F5ABE1BF6F9B94BB /* CheckoutReturnActivityAttributes.swift in Sources */,
				D1BE91AB2F76BE372F49B448 /* CheckoutReturnLiveActivityManager.swift in Sources */,
				411CF014B25A6515F8E6869E /* CreateBookingEquipmentRows.swift in Sources */,
				521817F1F579897074A3B1D4 /* CreateBookingEventViews.swift in Sources */,
				27614B86498B5D98CC600630 /* CreateBookingFormRows.swift in Sources */,
				30A2174F020A46E7B8538492 /* CreateBookingPickers.swift in Sources */,
				237DD2AF7BCC2631721C737C /* CreateBookingSheet.swift in Sources */,
				2A37E7B9C1A68005651FAC4A /* CreateBookingViewModel.swift in Sources */,
				CE860A32B56D88E0802D8EFE /* DashboardModels.swift in Sources */,
				7507BE07B0E40EAA31B9DBE9 /* DateFormats.swift in Sources */,
				713FB9080DFAA1073EE5FA8C /* EventDetailSheet.swift in Sources */,
				0139CC54E3F0164FA19EA25C /* EventWeatherService.swift in Sources */,
				904A4A8C645FFEB4CD2AA971 /* ExtendBookingSheet.swift in Sources */,
				F8198BB80C4CB84C0C12ED6A /* FloatingSearchButton.swift in Sources */,
				470F79B703DF9EB55FECE070 /* FormModels.swift in Sources */,
				795277BA3B90A0AB27B5C672 /* GearStore.swift in Sources */,
				AF66ADDE1D3CF5B16155A3BA /* GlobalSearchSheet.swift in Sources */,
				27ECC333F667B220F460C700 /* GuidesView.swift in Sources */,
				6B9E7D074E50DBAB24DAC522 /* Haptics.swift in Sources */,
				B1DDE3C06BD40F1F8615A227 /* HomeView.swift in Sources */,
				FC55F8C00EAB32F578B178F0 /* ItemDetailView.swift in Sources */,
				3A34548DD720E71C6B54BB31 /* ItemsView.swift in Sources */,
				73A936392B03FBB5779475D6 /* KioskAPIClient.swift in Sources */,
				C292B04966545054F354B58D /* KioskActivationView.swift in Sources */,
				5FC271E1656B8281545DA61D /* KioskBarcodeCameraView.swift in Sources */,
				8F4B17907F06BDF713664001 /* KioskCheckoutView.swift in Sources */,
				7252EE41C4BE6C9946F7A7BA /* KioskColors.swift in Sources */,
				AF6FB84710F229405808A91E /* KioskComponents.swift in Sources */,
				48F535BD8B55E06D80C25E2B /* KioskDesign.swift in Sources */,
				F05BFEDF227A1BB32BBFFD07 /* KioskIdleView.swift in Sources */,
				30894C3102D964CC218C62C5 /* KioskModels.swift in Sources */,
				31458333B3C62A9DE06D2DF8 /* KioskNativeTextField.swift in Sources */,
				DBB620395B1140D1777AD0B2 /* KioskPickupView.swift in Sources */,
				BF0C8E42D9834A68276B6B2D /* KioskReturnView.swift in Sources */,
				BE4325C3D6CA86C4E9565115 /* KioskScannerField.swift in Sources */,
				126FE69C0DCDD7F917CE6580 /* KioskShellView.swift in Sources */,
				24A80894586E46E13F2E4E41 /* KioskStore.swift in Sources */,
				37D62305D3F8AD03285EBFCE /* KioskStudentHubView.swift in Sources */,
				C0CE6BBE698F81A5E6397D98 /* KioskSuccessView.swift in Sources */,
				089493883612791C05515FAE /* LicensesView.swift in Sources */,
				2DF5EDC0EA7BAAF2547F1035 /* LinkStickerWizard.swift in Sources */,
				DACC18C0E1181FD912992FEE /* LoginView.swift in Sources */,
				0FC9DC340824D39EB558E913 /* Models.swift in Sources */,
				4F0A1067946B104FF1220865 /* NetworkMonitor.swift in Sources */,
				5D716269ED62B3BCD83B904B /* NotificationModels.swift in Sources */,
				78C02C1D3AEE264D6EA1925B /* NotificationSettingsView.swift in Sources */,
				BAE863712FA11717C1C77B29 /* NotificationsSheet.swift in Sources */,
				EB431E266D465DDA520852CB /* OverdueReportView.swift in Sources */,
				4B5FFF1D1D5E4C8FF671E34F /* PasswordSetupView.swift in Sources */,
				5222CCDEB1C3A451B2B7EDED /* PostTradeSheet.swift in Sources */,
				B627C81D60CEF199EE69E537 /* Preferences.swift in Sources */,
				021A7B27623C3C8544FE58BB /* ProfileView.swift in Sources */,
				D24677599DC4E06E3E093A81 /* PushPrePromptView.swift in Sources */,
				085E8467FC2D0385A67DD157 /* QRScannerSheet.swift in Sources */,
				0B3D380ACF389083C083FC5A /* ScanPrePromptView.swift in Sources */,
				FEB0D17D856222BBA8478CC0 /* ScanResultHeroCard.swift in Sources */,
				23D18DF0CCE1DFC0E4CAD69E /* ScanView.swift in Sources */,
				9939B52822812D9C7B8CF92B /* ScannerDebuggerView.swift in Sources */,
				2CED1D2B5A4282EB13E29796 /* ScheduleModels.swift in Sources */,
				2516A89A0CD4284023B38A28 /* ScheduleView.swift in Sources */,
				01C0E89D9110CBB8DA80D650 /* SearchResultRow.swift in Sources */,
				A2F31705FBCCCE502A3B6C1A /* SearchService.swift in Sources */,
				81413B070B47866D2C7DB337 /* SessionStore.swift in Sources */,
				889D5483CAC2EA6C8E25DDFD /* ShiftTradeModels.swift in Sources */,
				157E1E0021A0F88C78E3590E /* SidebarWebDestinationView.swift in Sources */,
				5BFCE075814954BB59669481 /* Skeleton.swift in Sources */,
				1E84624B222CD81665D2EC79 /* StatusPill.swift in Sources */,
				BA09B1B0BD9687C63E73E59D /* ThumbnailLoader.swift in Sources */,
				1C2E6D4D0BA7A114FB6E9DB7 /* Toast.swift in Sources */,
				A9264F994D67157C3DD7FCD3 /* TradeBoardSheet.swift in Sources */,
				31591DD0437B097C2510AB84 /* UserAvatarView.swift in Sources */,
				6A29F42A3F64F9E6FDD5EB53 /* UserDetailView.swift in Sources */,
				8AD8110B0A79C58084C6CB22 /* UsersView.swift in Sources */,
				390F43409B451AAB78D2D0C9 /* WisconsinApp.swift in Sources */,
			);
			runOnlyForDeploymentPostprocessing = 0;
		};
/* End PBXSourcesBuildPhase section */

/* Begin PBXTargetDependency section */
		3F644F8F87D6D51846AF5ECC /* PBXTargetDependency */ = {
			isa = PBXTargetDependency;
			target = AE5BC122AAA548CB394E1598 /* WisconsinLiveActivities */;
			targetProxy = 8D1698B724DB02A1A7D0427E /* PBXContainerItemProxy */;
		};
		7F8C5DBF52138F73AC28AB84 /* PBXTargetDependency */ = {
			isa = PBXTargetDependency;
			target = 5731E598F30EDA43B52B4002 /* Wisconsin */;
			targetProxy = 097B7F53D74D509CA90DE4CF /* PBXContainerItemProxy */;
		};
/* End PBXTargetDependency section */

/* Begin XCBuildConfiguration section */
		1BA982764C6C3AA316526245 /* Debug */ = {
			isa = XCBuildConfiguration;
			buildSettings = {
				DEVELOPMENT_TEAM = T26T3G8C7Q;
				INFOPLIST_FILE = WisconsinLiveActivities/Info.plist;
				IPHONEOS_DEPLOYMENT_TARGET = 26.0;
				LD_RUNPATH_SEARCH_PATHS = (
					"$(inherited)",
					"@executable_path/Frameworks",
					"@executable_path/../../Frameworks",
				);
				PRODUCT_BUNDLE_IDENTIFIER = com.erikrole.Wisconsin.LiveActivities;
				PRODUCT_NAME = WisconsinLiveActivities;
				SDKROOT = iphoneos;
				SKIP_INSTALL = YES;
				TARGETED_DEVICE_FAMILY = "1,2";
			};
			name = Debug;
		};
		1C7A9E3F9981CB6998B50F08 /* Release */ = {
			isa = XCBuildConfiguration;
			buildSettings = {
				DEVELOPMENT_TEAM = T26T3G8C7Q;
				INFOPLIST_FILE = WisconsinLiveActivities/Info.plist;
				IPHONEOS_DEPLOYMENT_TARGET = 26.0;
				LD_RUNPATH_SEARCH_PATHS = (
					"$(inherited)",
					"@executable_path/Frameworks",
					"@executable_path/../../Frameworks",
				);
				PRODUCT_BUNDLE_IDENTIFIER = com.erikrole.Wisconsin.LiveActivities;
				PRODUCT_NAME = WisconsinLiveActivities;
				SDKROOT = iphoneos;
				SKIP_INSTALL = YES;
				TARGETED_DEVICE_FAMILY = "1,2";
			};
			name = Release;
		};
		421F863027CCDA1914F9D3F3 /* Debug */ = {
			isa = XCBuildConfiguration;
			buildSettings = {
				BUNDLE_LOADER = "$(TEST_HOST)";
				DEVELOPMENT_TEAM = T26T3G8C7Q;
				GENERATE_INFOPLIST_FILE = YES;
				IPHONEOS_DEPLOYMENT_TARGET = 26.0;
				LD_RUNPATH_SEARCH_PATHS = (
					"$(inherited)",
					"@executable_path/Frameworks",
					"@loader_path/Frameworks",
				);
				PRODUCT_BUNDLE_IDENTIFIER = com.erikrole.WisconsinTests;
				PRODUCT_NAME = WisconsinTests;
				SDKROOT = iphoneos;
				TARGETED_DEVICE_FAMILY = "1,2";
				TEST_HOST = "$(BUILT_PRODUCTS_DIR)/Wisconsin.app/Wisconsin";
			};
			name = Debug;
		};
		4DDDE64217BAA8B5B397181C /* Debug */ = {
			isa = XCBuildConfiguration;
			buildSettings = {
				ASSETCATALOG_COMPILER_APPICON_NAME = AppIcon;
				CODE_SIGN_ENTITLEMENTS = Wisconsin/Wisconsin.entitlements;
				CODE_SIGN_IDENTITY = "iPhone Developer";
				CURRENT_PROJECT_VERSION = 1;
				DEVELOPMENT_TEAM = T26T3G8C7Q;
				INFOPLIST_FILE = Wisconsin/Supporting/Info.plist;
				IPHONEOS_DEPLOYMENT_TARGET = 26.0;
				LD_RUNPATH_SEARCH_PATHS = (
					"$(inherited)",
					"@executable_path/Frameworks",
				);
				MARKETING_VERSION = 1.0;
				OTHER_SWIFT_FLAGS = "-DDEBUG";
				PRODUCT_BUNDLE_IDENTIFIER = com.erikrole.Wisconsin;
				PRODUCT_NAME = Wisconsin;
				SDKROOT = iphoneos;
				TARGETED_DEVICE_FAMILY = "1,2";
			};
			name = Debug;
		};
		56F244381FE75A5ABD0B08E6 /* Release */ = {
			isa = XCBuildConfiguration;
			buildSettings = {
				ASSETCATALOG_COMPILER_APPICON_NAME = AppIcon;
				CODE_SIGN_ENTITLEMENTS = Wisconsin/Wisconsin.entitlements;
				CODE_SIGN_IDENTITY = "iPhone Developer";
				CURRENT_PROJECT_VERSION = 1;
				DEVELOPMENT_TEAM = T26T3G8C7Q;
				INFOPLIST_FILE = Wisconsin/Supporting/Info.plist;
				IPHONEOS_DEPLOYMENT_TARGET = 26.0;
				LD_RUNPATH_SEARCH_PATHS = (
					"$(inherited)",
					"@executable_path/Frameworks",
				);
				MARKETING_VERSION = 1.0;
				PRODUCT_BUNDLE_IDENTIFIER = com.erikrole.Wisconsin;
				PRODUCT_NAME = Wisconsin;
				SDKROOT = iphoneos;
				TARGETED_DEVICE_FAMILY = "1,2";
			};
			name = Release;
		};
		5E0F40E0C9EC2950B8E717E2 /* Release */ = {
			isa = XCBuildConfiguration;
			buildSettings = {
				ALWAYS_SEARCH_USER_PATHS = NO;
				CLANG_ANALYZER_NONNULL = YES;
				CLANG_ANALYZER_NUMBER_OBJECT_CONVERSION = YES_AGGRESSIVE;
				CLANG_CXX_LANGUAGE_STANDARD = "gnu++14";
				CLANG_CXX_LIBRARY = "libc++";
				CLANG_ENABLE_MODULES = YES;
				CLANG_ENABLE_OBJC_ARC = YES;
				CLANG_ENABLE_OBJC_WEAK = YES;
				CLANG_WARN_BLOCK_CAPTURE_AUTORELEASING = YES;
				CLANG_WARN_BOOL_CONVERSION = YES;
				CLANG_WARN_COMMA = YES;
				CLANG_WARN_CONSTANT_CONVERSION = YES;
				CLANG_WARN_DEPRECATED_OBJC_IMPLEMENTATIONS = YES;
				CLANG_WARN_DIRECT_OBJC_ISA_USAGE = YES_ERROR;
				CLANG_WARN_DOCUMENTATION_COMMENTS = YES;
				CLANG_WARN_EMPTY_BODY = YES;
				CLANG_WARN_ENUM_CONVERSION = YES;
				CLANG_WARN_INFINITE_RECURSION = YES;
				CLANG_WARN_INT_CONVERSION = YES;
				CLANG_WARN_NON_LITERAL_NULL_CONVERSION = YES;
				CLANG_WARN_OBJC_IMPLICIT_RETAIN_SELF = YES;
				CLANG_WARN_OBJC_LITERAL_CONVERSION = YES;
				CLANG_WARN_OBJC_ROOT_CLASS = YES_ERROR;
				CLANG_WARN_QUOTED_INCLUDE_IN_FRAMEWORK_HEADER = YES;
				CLANG_WARN_RANGE_LOOP_ANALYSIS = YES;
				CLANG_WARN_STRICT_PROTOTYPES = YES;
				CLANG_WARN_SUSPICIOUS_MOVE = YES;
				CLANG_WARN_UNGUARDED_AVAILABILITY = YES_AGGRESSIVE;
				CLANG_WARN_UNREACHABLE_CODE = YES;
				CLANG_WARN__DUPLICATE_METHOD_MATCH = YES;
				COPY_PHASE_STRIP = NO;
				DEBUG_INFORMATION_FORMAT = "dwarf-with-dsym";
				ENABLE_NS_ASSERTIONS = NO;
				ENABLE_PREVIEWS = NO;
				ENABLE_STRICT_OBJC_MSGSEND = YES;
				GCC_C_LANGUAGE_STANDARD = gnu11;
				GCC_NO_COMMON_BLOCKS = YES;
				GCC_WARN_64_TO_32_BIT_CONVERSION = YES;
				GCC_WARN_ABOUT_RETURN_TYPE = YES_ERROR;
				GCC_WARN_UNDECLARED_SELECTOR = YES;
				GCC_WARN_UNINITIALIZED_AUTOS = YES_AGGRESSIVE;
				GCC_WARN_UNUSED_FUNCTION = YES;
				GCC_WARN_UNUSED_VARIABLE = YES;
				IPHONEOS_DEPLOYMENT_TARGET = 26.0;
				MTL_ENABLE_DEBUG_INFO = NO;
				MTL_FAST_MATH = YES;
				PRODUCT_NAME = "$(TARGET_NAME)";
				SDKROOT = iphoneos;
				SWIFT_COMPILATION_MODE = wholemodule;
				SWIFT_OPTIMIZATION_LEVEL = "-O";
				SWIFT_VERSION = 5.10;
			};
			name = Release;
		};
		B5B7628012912EFED4466270 /* Debug */ = {
			isa = XCBuildConfiguration;
			buildSettings = {
				ALWAYS_SEARCH_USER_PATHS = NO;
				CLANG_ANALYZER_NONNULL = YES;
				CLANG_ANALYZER_NUMBER_OBJECT_CONVERSION = YES_AGGRESSIVE;
				CLANG_CXX_LANGUAGE_STANDARD = "gnu++14";
				CLANG_CXX_LIBRARY = "libc++";
				CLANG_ENABLE_MODULES = YES;
				CLANG_ENABLE_OBJC_ARC = YES;
				CLANG_ENABLE_OBJC_WEAK = YES;
				CLANG_WARN_BLOCK_CAPTURE_AUTORELEASING = YES;
				CLANG_WARN_BOOL_CONVERSION = YES;
				CLANG_WARN_COMMA = YES;
				CLANG_WARN_CONSTANT_CONVERSION = YES;
				CLANG_WARN_DEPRECATED_OBJC_IMPLEMENTATIONS = YES;
				CLANG_WARN_DIRECT_OBJC_ISA_USAGE = YES_ERROR;
				CLANG_WARN_DOCUMENTATION_COMMENTS = YES;
				CLANG_WARN_EMPTY_BODY = YES;
				CLANG_WARN_ENUM_CONVERSION = YES;
				CLANG_WARN_INFINITE_RECURSION = YES;
				CLANG_WARN_INT_CONVERSION = YES;
				CLANG_WARN_NON_LITERAL_NULL_CONVERSION = YES;
				CLANG_WARN_OBJC_IMPLICIT_RETAIN_SELF = YES;
				CLANG_WARN_OBJC_LITERAL_CONVERSION = YES;
				CLANG_WARN_OBJC_ROOT_CLASS = YES_ERROR;
				CLANG_WARN_QUOTED_INCLUDE_IN_FRAMEWORK_HEADER = YES;
				CLANG_WARN_RANGE_LOOP_ANALYSIS = YES;
				CLANG_WARN_STRICT_PROTOTYPES = YES;
				CLANG_WARN_SUSPICIOUS_MOVE = YES;
				CLANG_WARN_UNGUARDED_AVAILABILITY = YES_AGGRESSIVE;
				CLANG_WARN_UNREACHABLE_CODE = YES;
				CLANG_WARN__DUPLICATE_METHOD_MATCH = YES;
				COPY_PHASE_STRIP = NO;
				DEBUG_INFORMATION_FORMAT = dwarf;
				ENABLE_PREVIEWS = NO;
				ENABLE_STRICT_OBJC_MSGSEND = YES;
				ENABLE_TESTABILITY = YES;
				GCC_C_LANGUAGE_STANDARD = gnu11;
				GCC_DYNAMIC_NO_PIC = NO;
				GCC_NO_COMMON_BLOCKS = YES;
				GCC_OPTIMIZATION_LEVEL = 0;
				GCC_PREPROCESSOR_DEFINITIONS = (
					"$(inherited)",
					"DEBUG=1",
				);
				GCC_WARN_64_TO_32_BIT_CONVERSION = YES;
				GCC_WARN_ABOUT_RETURN_TYPE = YES_ERROR;
				GCC_WARN_UNDECLARED_SELECTOR = YES;
				GCC_WARN_UNINITIALIZED_AUTOS = YES_AGGRESSIVE;
				GCC_WARN_UNUSED_FUNCTION = YES;
				GCC_WARN_UNUSED_VARIABLE = YES;
				IPHONEOS_DEPLOYMENT_TARGET = 26.0;
				MTL_ENABLE_DEBUG_INFO = INCLUDE_SOURCE;
				MTL_FAST_MATH = YES;
				ONLY_ACTIVE_ARCH = YES;
				PRODUCT_NAME = "$(TARGET_NAME)";
				SDKROOT = iphoneos;
				SWIFT_ACTIVE_COMPILATION_CONDITIONS = DEBUG;
				SWIFT_OPTIMIZATION_LEVEL = "-Onone";
				SWIFT_VERSION = 5.10;
			};
			name = Debug;
		};
		BE6440D8AA2A36E4DE290417 /* Release */ = {
			isa = XCBuildConfiguration;
			buildSettings = {
				ASSETCATALOG_COMPILER_APPICON_NAME = AppIcon;
				CODE_SIGN_IDENTITY = "iPhone Developer";
				CURRENT_PROJECT_VERSION = 1;
				DEVELOPMENT_TEAM = T26T3G8C7Q;
				INFOPLIST_FILE = Wisconsin/KioskOnly/Info.plist;
				IPHONEOS_DEPLOYMENT_TARGET = 17.0;
				LD_RUNPATH_SEARCH_PATHS = (
					"$(inherited)",
					"@executable_path/Frameworks",
				);
				MARKETING_VERSION = 1.0;
				PRODUCT_BUNDLE_IDENTIFIER = com.erikrole.WisconsinKiosk;
				PRODUCT_NAME = "Wisconsin Kiosk";
				SDKROOT = iphoneos;
				TARGETED_DEVICE_FAMILY = 2;
			};
			name = Release;
		};
		CCE1B43C33D251B822B68631 /* Debug */ = {
			isa = XCBuildConfiguration;
			buildSettings = {
				ASSETCATALOG_COMPILER_APPICON_NAME = AppIcon;
				CODE_SIGN_IDENTITY = "iPhone Developer";
				CURRENT_PROJECT_VERSION = 1;
				DEVELOPMENT_TEAM = T26T3G8C7Q;
				INFOPLIST_FILE = Wisconsin/KioskOnly/Info.plist;
				IPHONEOS_DEPLOYMENT_TARGET = 17.0;
				LD_RUNPATH_SEARCH_PATHS = (
					"$(inherited)",
					"@executable_path/Frameworks",
				);
				MARKETING_VERSION = 1.0;
				OTHER_SWIFT_FLAGS = "-DDEBUG";
				PRODUCT_BUNDLE_IDENTIFIER = com.erikrole.WisconsinKiosk;
				PRODUCT_NAME = "Wisconsin Kiosk";
				SDKROOT = iphoneos;
				TARGETED_DEVICE_FAMILY = 2;
			};
			name = Debug;
		};
		F574D41A315AB836C75AD75B /* Release */ = {
			isa = XCBuildConfiguration;
			buildSettings = {
				BUNDLE_LOADER = "$(TEST_HOST)";
				DEVELOPMENT_TEAM = T26T3G8C7Q;
				GENERATE_INFOPLIST_FILE = YES;
				IPHONEOS_DEPLOYMENT_TARGET = 26.0;
				LD_RUNPATH_SEARCH_PATHS = (
					"$(inherited)",
					"@executable_path/Frameworks",
					"@loader_path/Frameworks",
				);
				PRODUCT_BUNDLE_IDENTIFIER = com.erikrole.WisconsinTests;
				PRODUCT_NAME = WisconsinTests;
				SDKROOT = iphoneos;
				TARGETED_DEVICE_FAMILY = "1,2";
				TEST_HOST = "$(BUILT_PRODUCTS_DIR)/Wisconsin.app/Wisconsin";
			};
			name = Release;
		};
/* End XCBuildConfiguration section */

/* Begin XCConfigurationList section */
		05D72B203B988EFC32B2A88B /* Build configuration list for PBXNativeTarget "WisconsinLiveActivities" */ = {
			isa = XCConfigurationList;
			buildConfigurations = (
				1BA982764C6C3AA316526245 /* Debug */,
				1C7A9E3F9981CB6998B50F08 /* Release */,
			);
			defaultConfigurationIsVisible = 0;
			defaultConfigurationName = Debug;
		};
		179CEE1BC96BDC8C5316C0E3 /* Build configuration list for PBXNativeTarget "WisconsinTests" */ = {
			isa = XCConfigurationList;
			buildConfigurations = (
				421F863027CCDA1914F9D3F3 /* Debug */,
				F574D41A315AB836C75AD75B /* Release */,
			);
			defaultConfigurationIsVisible = 0;
			defaultConfigurationName = Debug;
		};
		5728D6AA97025032A6EE9DAD /* Build configuration list for PBXProject "Wisconsin" */ = {
			isa = XCConfigurationList;
			buildConfigurations = (
				B5B7628012912EFED4466270 /* Debug */,
				5E0F40E0C9EC2950B8E717E2 /* Release */,
			);
			defaultConfigurationIsVisible = 0;
			defaultConfigurationName = Debug;
		};
		7B03CFBF7061C8A8E1F40718 /* Build configuration list for PBXNativeTarget "Wisconsin" */ = {
			isa = XCConfigurationList;
			buildConfigurations = (
				4DDDE64217BAA8B5B397181C /* Debug */,
				56F244381FE75A5ABD0B08E6 /* Release */,
			);
			defaultConfigurationIsVisible = 0;
			defaultConfigurationName = Debug;
		};
		D102EB2B5CD87AFFD8F91CB6 /* Build configuration list for PBXNativeTarget "WisconsinKiosk" */ = {
			isa = XCConfigurationList;
			buildConfigurations = (
				CCE1B43C33D251B822B68631 /* Debug */,
				BE6440D8AA2A36E4DE290417 /* Release */,
			);
			defaultConfigurationIsVisible = 0;
			defaultConfigurationName = Debug;
		};
/* End XCConfigurationList section */
	};
	rootObject = 335BE05E032A4F56E50B98CC /* Project object */;
}
