// !$*UTF8*$!
{
	archiveVersion = 1;
	classes = {
	};
	objectVersion = 77;
	objects = {

/* Begin PBXBuildFile section */
		01C0E89D9110CBB8DA80D650 /* SearchResultRow.swift in Sources */ = {isa = PBXBuildFile; fileRef = AD7494E64F4395E73A7AA6C1 /* SearchResultRow.swift */; };
		085E8467FC2D0385A67DD157 /* QRScannerSheet.swift in Sources */ = {isa = PBXBuildFile; fileRef = 44E5D1DB0C8CBAD5E452E807 /* QRScannerSheet.swift */; };
		0FC9DC340824D39EB558E913 /* Models.swift in Sources */ = {isa = PBXBuildFile; fileRef = 5B540C9027D1885BCBEA2E4D /* Models.swift */; };
		126FE69C0DCDD7F917CE6580 /* KioskShellView.swift in Sources */ = {isa = PBXBuildFile; fileRef = 0E5A80EBE9AE9D0094E70FBB /* KioskShellView.swift */; };
		12BE5380A72CE66E23CA39CD /* Assets.xcassets in Resources */ = {isa = PBXBuildFile; fileRef = 592769886AB12F6A842CC8CF /* Assets.xcassets */; };
		1AC641AD94A229A52FE17AE0 /* APIClient.swift in Sources */ = {isa = PBXBuildFile; fileRef = 6ED3D57FAA3E94281C3FF27C /* APIClient.swift */; };
		237DD2AF7BCC2631721C737C /* CreateBookingSheet.swift in Sources */ = {isa = PBXBuildFile; fileRef = F1F3FA2D4C06E966E6BA030B /* CreateBookingSheet.swift */; };
		23D18DF0CCE1DFC0E4CAD69E /* ScanView.swift in Sources */ = {isa = PBXBuildFile; fileRef = 37FF31264347D4D6932C4DBB /* ScanView.swift */; };
		24A80894586E46E13F2E4E41 /* KioskStore.swift in Sources */ = {isa = PBXBuildFile; fileRef = FA38BB094C95612DBF9F1C24 /* KioskStore.swift */; };
		2516A89A0CD4284023B38A28 /* ScheduleView.swift in Sources */ = {isa = PBXBuildFile; fileRef = 74157D1DF3F4EF9F53F70494 /* ScheduleView.swift */; };
		2CED1D2B5A4282EB13E29796 /* ScheduleModels.swift in Sources */ = {isa = PBXBuildFile; fileRef = D50B2D1EA31765C957FED322 /* ScheduleModels.swift */; };
		2DF5EDC0EA7BAAF2547F1035 /* LinkStickerWizard.swift in Sources */ = {isa = PBXBuildFile; fileRef = 41D51AC00210AD1B6DE0E466 /* LinkStickerWizard.swift */; };
		30894C3102D964CC218C62C5 /* KioskModels.swift in Sources */ = {isa = PBXBuildFile; fileRef = 02B29E7150D396D5C8236398 /* KioskModels.swift */; };
		33F2166407B607A0DADC78B2 /* AppDelegate.swift in Sources */ = {isa = PBXBuildFile; fileRef = 5E180A2286F2673D3B7E2179 /* AppDelegate.swift */; };
		37D62305D3F8AD03285EBFCE /* KioskStudentHubView.swift in Sources */ = {isa = PBXBuildFile; fileRef = 13D2A559654212BD133FB74F /* KioskStudentHubView.swift */; };
		390F43409B451AAB78D2D0C9 /* WisconsinApp.swift in Sources */ = {isa = PBXBuildFile; fileRef = D3BDE438C8F05EAA14B299BB /* WisconsinApp.swift */; };
		3A34548DD720E71C6B54BB31 /* ItemsView.swift in Sources */ = {isa = PBXBuildFile; fileRef = F12684601FE641B454D0219B /* ItemsView.swift */; };
		41891E6B69644BB1DB025CB9 /* Brand.swift in Sources */ = {isa = PBXBuildFile; fileRef = 4A9DAB950F60885A23620BEC /* Brand.swift */; };
		470F79B703DF9EB55FECE070 /* FormModels.swift in Sources */ = {isa = PBXBuildFile; fileRef = 6148A160C162A021FF9DE4C0 /* FormModels.swift */; };
		4F0A1067946B104FF1220865 /* NetworkMonitor.swift in Sources */ = {isa = PBXBuildFile; fileRef = 2536547429CB16E12CB069C0 /* NetworkMonitor.swift */; };
		5222CCDEB1C3A451B2B7EDED /* PostTradeSheet.swift in Sources */ = {isa = PBXBuildFile; fileRef = C76AD0C31463DD95EE65E1E6 /* PostTradeSheet.swift */; };
		5BFCE075814954BB59669481 /* Skeleton.swift in Sources */ = {isa = PBXBuildFile; fileRef = 468E248680EC5A61BEC1EE38 /* Skeleton.swift */; };
		5D716269ED62B3BCD83B904B /* NotificationModels.swift in Sources */ = {isa = PBXBuildFile; fileRef = 229CAC26AA9E3BB5EEC36678 /* NotificationModels.swift */; };
		5FC271E1656B8281545DA61D /* KioskBarcodeCameraView.swift in Sources */ = {isa = PBXBuildFile; fileRef = 06C085E7CDEC3CCE6DFDD630 /* KioskBarcodeCameraView.swift */; };
		69DD68092CDC35D6924052DF /* BookingDetailView.swift in Sources */ = {isa = PBXBuildFile; fileRef = BA04562F7C424114F304B494 /* BookingDetailView.swift */; };
		6A29F42A3F64F9E6FDD5EB53 /* UserDetailView.swift in Sources */ = {isa = PBXBuildFile; fileRef = 6B64F325136AF7626ECECE8C /* UserDetailView.swift */; };
		6A2AF05B82DC2BA24217048C /* BannerView.swift in Sources */ = {isa = PBXBuildFile; fileRef = 843772771897AABEF8DD1F93 /* BannerView.swift */; };
		6B9E7D074E50DBAB24DAC522 /* Haptics.swift in Sources */ = {isa = PBXBuildFile; fileRef = 2A73B2A1C9B274552CBA7C8B /* Haptics.swift */; };
		713FB9080DFAA1073EE5FA8C /* EventDetailSheet.swift in Sources */ = {isa = PBXBuildFile; fileRef = 5FB4AEDFE7F83CC6E155C12D /* EventDetailSheet.swift */; };
		7252EE41C4BE6C9946F7A7BA /* KioskColors.swift in Sources */ = {isa = PBXBuildFile; fileRef = DF17654612E5CA2EBF575539 /* KioskColors.swift */; };
		73A936392B03FBB5779475D6 /* KioskAPIClient.swift in Sources */ = {isa = PBXBuildFile; fileRef = BA5C2531E017BDBDE5EFDDFE /* KioskAPIClient.swift */; };
		7507BE07B0E40EAA31B9DBE9 /* DateFormats.swift in Sources */ = {isa = PBXBuildFile; fileRef = 39565FFA7236A61DAD12D9BB /* DateFormats.swift */; };
		795277BA3B90A0AB27B5C672 /* GearStore.swift in Sources */ = {isa = PBXBuildFile; fileRef = FAD4EC3F211EACBB157F7DDE /* GearStore.swift */; };
		81413B070B47866D2C7DB337 /* SessionStore.swift in Sources */ = {isa = PBXBuildFile; fileRef = 0189482D68508F45B086F46F /* SessionStore.swift */; };
		889D5483CAC2EA6C8E25DDFD /* ShiftTradeModels.swift in Sources */ = {isa = PBXBuildFile; fileRef = EC21A466188CE0D3011728F2 /* ShiftTradeModels.swift */; };
		8F4B17907F06BDF713664001 /* KioskCheckoutView.swift in Sources */ = {isa = PBXBuildFile; fileRef = 3700D2B2FAE801DC2FF0F1ED /* KioskCheckoutView.swift */; };
		904A4A8C645FFEB4CD2AA971 /* ExtendBookingSheet.swift in Sources */ = {isa = PBXBuildFile; fileRef = 2B0058FB3644F501479BA0D5 /* ExtendBookingSheet.swift */; };
		96DAC20EB887DA3916DEE474 /* AppState.swift in Sources */ = {isa = PBXBuildFile; fileRef = 38065600FA5A1C1AC4C8CC2F /* AppState.swift */; };
		A2F31705FBCCCE502A3B6C1A /* SearchService.swift in Sources */ = {isa = PBXBuildFile; fileRef = 74EFD042F26EA7BE52FA67E3 /* SearchService.swift */; };
		A6176C75B21A5C4695A8E11F /* AddShiftSheet.swift in Sources */ = {isa = PBXBuildFile; fileRef = 96636E404DEEEDA5C6046ADB /* AddShiftSheet.swift */; };
		A9264F994D67157C3DD7FCD3 /* TradeBoardSheet.swift in Sources */ = {isa = PBXBuildFile; fileRef = F52833BE41AB34A8FFA43FE2 /* TradeBoardSheet.swift */; };
		AF66ADDE1D3CF5B16155A3BA /* GlobalSearchSheet.swift in Sources */ = {isa = PBXBuildFile; fileRef = D5EC344925B5666C2CA8F773 /* GlobalSearchSheet.swift */; };
		B1DDE3C06BD40F1F8615A227 /* HomeView.swift in Sources */ = {isa = PBXBuildFile; fileRef = 64F14676788E6FA7CDD08D48 /* HomeView.swift */; };
		B2FEB545EEB4F42FE18F292F /* BookingsView.swift in Sources */ = {isa = PBXBuildFile; fileRef = 2228A84C3CCBC90ABF9103F1 /* BookingsView.swift */; };
		BA09B1B0BD9687C63E73E59D /* ThumbnailLoader.swift in Sources */ = {isa = PBXBuildFile; fileRef = C6D1B302F1FC5245180A17CD /* ThumbnailLoader.swift */; };
		BAE863712FA11717C1C77B29 /* NotificationsSheet.swift in Sources */ = {isa = PBXBuildFile; fileRef = 9E58906A0DD7BCF5024161BE /* NotificationsSheet.swift */; };
		BE4325C3D6CA86C4E9565115 /* KioskScannerField.swift in Sources */ = {isa = PBXBuildFile; fileRef = C0F3BC3F7FE6F8F1E7056578 /* KioskScannerField.swift */; };
		BF0C8E42D9834A68276B6B2D /* KioskReturnView.swift in Sources */ = {isa = PBXBuildFile; fileRef = 687337C19E47FE94FE56F9BF /* KioskReturnView.swift */; };
		C0CE6BBE698F81A5E6397D98 /* KioskSuccessView.swift in Sources */ = {isa = PBXBuildFile; fileRef = E968BAF46C8E557831F73C27 /* KioskSuccessView.swift */; };
		C292B04966545054F354B58D /* KioskActivationView.swift in Sources */ = {isa = PBXBuildFile; fileRef = 783E3F89AF08A64D8BE2685D /* KioskActivationView.swift */; };
		C3C5D175C583096B0D645F24 /* AssetModels.swift in Sources */ = {isa = PBXBuildFile; fileRef = 3967BD5EC55792F3B9E94724 /* AssetModels.swift */; };
		CE860A32B56D88E0802D8EFE /* DashboardModels.swift in Sources */ = {isa = PBXBuildFile; fileRef = BB8C14E1F7005B408A6A4CCD /* DashboardModels.swift */; };
		D24677599DC4E06E3E093A81 /* PushPrePromptView.swift in Sources */ = {isa = PBXBuildFile; fileRef = 6A2DFDC7A0C7BD6C018D43D2 /* PushPrePromptView.swift */; };
		DACC18C0E1181FD912992FEE /* LoginView.swift in Sources */ = {isa = PBXBuildFile; fileRef = 6D6258D04F2CBF34C14EBB69 /* LoginView.swift */; };
		DBB620395B1140D1777AD0B2 /* KioskPickupView.swift in Sources */ = {isa = PBXBuildFile; fileRef = DB5E4D4F3F432CE124DE63A8 /* KioskPickupView.swift */; };
		DC10577F4AF30D4E44E08B63 /* AssignStudentSheet.swift in Sources */ = {isa = PBXBuildFile; fileRef = A9374732F63AA4EA283094F0 /* AssignStudentSheet.swift */; };
		E74AB0C45B70B59CEBC79AC4 /* AppTabView.swift in Sources */ = {isa = PBXBuildFile; fileRef = B208F1EB8DD4DA49DADC1CAB /* AppTabView.swift */; };
		F05BFEDF227A1BB32BBFFD07 /* KioskIdleView.swift in Sources */ = {isa = PBXBuildFile; fileRef = 649B6E0F68D9B5DB4D054656 /* KioskIdleView.swift */; };
		F8198BB80C4CB84C0C12ED6A /* FloatingSearchButton.swift in Sources */ = {isa = PBXBuildFile; fileRef = F2E89852F4DC85939BA9A8AA /* FloatingSearchButton.swift */; };
		FC55F8C00EAB32F578B178F0 /* ItemDetailView.swift in Sources */ = {isa = PBXBuildFile; fileRef = 80CA4880F08046F8E23F079B /* ItemDetailView.swift */; };
/* End PBXBuildFile section */

/* Begin PBXFileReference section */
		0189482D68508F45B086F46F /* SessionStore.swift */ = {isa = PBXFileReference; lastKnownFileType = sourcecode.swift; path = SessionStore.swift; sourceTree = "<group>"; };
		02B29E7150D396D5C8236398 /* KioskModels.swift */ = {isa = PBXFileReference; lastKnownFileType = sourcecode.swift; path = KioskModels.swift; sourceTree = "<group>"; };
		06C085E7CDEC3CCE6DFDD630 /* KioskBarcodeCameraView.swift */ = {isa = PBXFileReference; lastKnownFileType = sourcecode.swift; path = KioskBarcodeCameraView.swift; sourceTree = "<group>"; };
		0E5A80EBE9AE9D0094E70FBB /* KioskShellView.swift */ = {isa = PBXFileReference; lastKnownFileType = sourcecode.swift; path = KioskShellView.swift; sourceTree = "<group>"; };
		13D2A559654212BD133FB74F /* KioskStudentHubView.swift */ = {isa = PBXFileReference; lastKnownFileType = sourcecode.swift; path = KioskStudentHubView.swift; sourceTree = "<group>"; };
		2228A84C3CCBC90ABF9103F1 /* BookingsView.swift */ = {isa = PBXFileReference; lastKnownFileType = sourcecode.swift; path = BookingsView.swift; sourceTree = "<group>"; };
		229CAC26AA9E3BB5EEC36678 /* NotificationModels.swift */ = {isa = PBXFileReference; lastKnownFileType = sourcecode.swift; path = NotificationModels.swift; sourceTree = "<group>"; };
		2536547429CB16E12CB069C0 /* NetworkMonitor.swift */ = {isa = PBXFileReference; lastKnownFileType = sourcecode.swift; path = NetworkMonitor.swift; sourceTree = "<group>"; };
		294553EF02A8AC64D71ED849 /* Wisconsin.app */ = {isa = PBXFileReference; includeInIndex = 0; lastKnownFileType = wrapper.application; path = Wisconsin.app; sourceTree = BUILT_PRODUCTS_DIR; };
		2A73B2A1C9B274552CBA7C8B /* Haptics.swift */ = {isa = PBXFileReference; lastKnownFileType = sourcecode.swift; path = Haptics.swift; sourceTree = "<group>"; };
		2B0058FB3644F501479BA0D5 /* ExtendBookingSheet.swift */ = {isa = PBXFileReference; lastKnownFileType = sourcecode.swift; path = ExtendBookingSheet.swift; sourceTree = "<group>"; };
		3700D2B2FAE801DC2FF0F1ED /* KioskCheckoutView.swift */ = {isa = PBXFileReference; lastKnownFileType = sourcecode.swift; path = KioskCheckoutView.swift; sourceTree = "<group>"; };
		37FF31264347D4D6932C4DBB /* ScanView.swift */ = {isa = PBXFileReference; lastKnownFileType = sourcecode.swift; path = ScanView.swift; sourceTree = "<group>"; };
		38065600FA5A1C1AC4C8CC2F /* AppState.swift */ = {isa = PBXFileReference; lastKnownFileType = sourcecode.swift; path = AppState.swift; sourceTree = "<group>"; };
		39565FFA7236A61DAD12D9BB /* DateFormats.swift */ = {isa = PBXFileReference; lastKnownFileType = sourcecode.swift; path = DateFormats.swift; sourceTree = "<group>"; };
		3967BD5EC55792F3B9E94724 /* AssetModels.swift */ = {isa = PBXFileReference; lastKnownFileType = sourcecode.swift; path = AssetModels.swift; sourceTree = "<group>"; };
		41D51AC00210AD1B6DE0E466 /* LinkStickerWizard.swift */ = {isa = PBXFileReference; lastKnownFileType = sourcecode.swift; path = LinkStickerWizard.swift; sourceTree = "<group>"; };
		44E5D1DB0C8CBAD5E452E807 /* QRScannerSheet.swift */ = {isa = PBXFileReference; lastKnownFileType = sourcecode.swift; path = QRScannerSheet.swift; sourceTree = "<group>"; };
		468E248680EC5A61BEC1EE38 /* Skeleton.swift */ = {isa = PBXFileReference; lastKnownFileType = sourcecode.swift; path = Skeleton.swift; sourceTree = "<group>"; };
		4A9DAB950F60885A23620BEC /* Brand.swift */ = {isa = PBXFileReference; lastKnownFileType = sourcecode.swift; path = Brand.swift; sourceTree = "<group>"; };
		592769886AB12F6A842CC8CF /* Assets.xcassets */ = {isa = PBXFileReference; lastKnownFileType = folder.assetcatalog; path = Assets.xcassets; sourceTree = "<group>"; };
		5B540C9027D1885BCBEA2E4D /* Models.swift */ = {isa = PBXFileReference; lastKnownFileType = sourcecode.swift; path = Models.swift; sourceTree = "<group>"; };
		5E180A2286F2673D3B7E2179 /* AppDelegate.swift */ = {isa = PBXFileReference; lastKnownFileType = sourcecode.swift; path = AppDelegate.swift; sourceTree = "<group>"; };
		5FB4AEDFE7F83CC6E155C12D /* EventDetailSheet.swift */ = {isa = PBXFileReference; lastKnownFileType = sourcecode.swift; path = EventDetailSheet.swift; sourceTree = "<group>"; };
		6148A160C162A021FF9DE4C0 /* FormModels.swift */ = {isa = PBXFileReference; lastKnownFileType = sourcecode.swift; path = FormModels.swift; sourceTree = "<group>"; };
		649B6E0F68D9B5DB4D054656 /* KioskIdleView.swift */ = {isa = PBXFileReference; lastKnownFileType = sourcecode.swift; path = KioskIdleView.swift; sourceTree = "<group>"; };
		64F14676788E6FA7CDD08D48 /* HomeView.swift */ = {isa = PBXFileReference; lastKnownFileType = sourcecode.swift; path = HomeView.swift; sourceTree = "<group>"; };
		687337C19E47FE94FE56F9BF /* KioskReturnView.swift */ = {isa = PBXFileReference; lastKnownFileType = sourcecode.swift; path = KioskReturnView.swift; sourceTree = "<group>"; };
		6A2DFDC7A0C7BD6C018D43D2 /* PushPrePromptView.swift */ = {isa = PBXFileReference; lastKnownFileType = sourcecode.swift; path = PushPrePromptView.swift; sourceTree = "<group>"; };
		6B64F325136AF7626ECECE8C /* UserDetailView.swift */ = {isa = PBXFileReference; lastKnownFileType = sourcecode.swift; path = UserDetailView.swift; sourceTree = "<group>"; };
		6D6258D04F2CBF34C14EBB69 /* LoginView.swift */ = {isa = PBXFileReference; lastKnownFileType = sourcecode.swift; path = LoginView.swift; sourceTree = "<group>"; };
		6ED3D57FAA3E94281C3FF27C /* APIClient.swift */ = {isa = PBXFileReference; lastKnownFileType = sourcecode.swift; path = APIClient.swift; sourceTree = "<group>"; };
		74157D1DF3F4EF9F53F70494 /* ScheduleView.swift */ = {isa = PBXFileReference; lastKnownFileType = sourcecode.swift; path = ScheduleView.swift; sourceTree = "<group>"; };
		74EFD042F26EA7BE52FA67E3 /* SearchService.swift */ = {isa = PBXFileReference; lastKnownFileType = sourcecode.swift; path = SearchService.swift; sourceTree = "<group>"; };
		783E3F89AF08A64D8BE2685D /* KioskActivationView.swift */ = {isa = PBXFileReference; lastKnownFileType = sourcecode.swift; path = KioskActivationView.swift; sourceTree = "<group>"; };
		80CA4880F08046F8E23F079B /* ItemDetailView.swift */ = {isa = PBXFileReference; lastKnownFileType = sourcecode.swift; path = ItemDetailView.swift; sourceTree = "<group>"; };
		843772771897AABEF8DD1F93 /* BannerView.swift */ = {isa = PBXFileReference; lastKnownFileType = sourcecode.swift; path = BannerView.swift; sourceTree = "<group>"; };
		96636E404DEEEDA5C6046ADB /* AddShiftSheet.swift */ = {isa = PBXFileReference; lastKnownFileType = sourcecode.swift; path = AddShiftSheet.swift; sourceTree = "<group>"; };
		9CDE77AE37C01B8DA663C7CE /* Info.plist */ = {isa = PBXFileReference; lastKnownFileType = text.plist; path = Info.plist; sourceTree = "<group>"; };
		9E58906A0DD7BCF5024161BE /* NotificationsSheet.swift */ = {isa = PBXFileReference; lastKnownFileType = sourcecode.swift; path = NotificationsSheet.swift; sourceTree = "<group>"; };
		A16A76819006E71CB2219DB9 /* Wisconsin.entitlements */ = {isa = PBXFileReference; lastKnownFileType = text.plist.entitlements; path = Wisconsin.entitlements; sourceTree = "<group>"; };
		A9374732F63AA4EA283094F0 /* AssignStudentSheet.swift */ = {isa = PBXFileReference; lastKnownFileType = sourcecode.swift; path = AssignStudentSheet.swift; sourceTree = "<group>"; };
		AD7494E64F4395E73A7AA6C1 /* SearchResultRow.swift */ = {isa = PBXFileReference; lastKnownFileType = sourcecode.swift; path = SearchResultRow.swift; sourceTree = "<group>"; };
		B208F1EB8DD4DA49DADC1CAB /* AppTabView.swift */ = {isa = PBXFileReference; lastKnownFileType = sourcecode.swift; path = AppTabView.swift; sourceTree = "<group>"; };
		BA04562F7C424114F304B494 /* BookingDetailView.swift */ = {isa = PBXFileReference; lastKnownFileType = sourcecode.swift; path = BookingDetailView.swift; sourceTree = "<group>"; };
		BA5C2531E017BDBDE5EFDDFE /* KioskAPIClient.swift */ = {isa = PBXFileReference; lastKnownFileType = sourcecode.swift; path = KioskAPIClient.swift; sourceTree = "<group>"; };
		BB8C14E1F7005B408A6A4CCD /* DashboardModels.swift */ = {isa = PBXFileReference; lastKnownFileType = sourcecode.swift; path = DashboardModels.swift; sourceTree = "<group>"; };
		C0F3BC3F7FE6F8F1E7056578 /* KioskScannerField.swift */ = {isa = PBXFileReference; lastKnownFileType = sourcecode.swift; path = KioskScannerField.swift; sourceTree = "<group>"; };
		C6D1B302F1FC5245180A17CD /* ThumbnailLoader.swift */ = {isa = PBXFileReference; lastKnownFileType = sourcecode.swift; path = ThumbnailLoader.swift; sourceTree = "<group>"; };
		C76AD0C31463DD95EE65E1E6 /* PostTradeSheet.swift */ = {isa = PBXFileReference; lastKnownFileType = sourcecode.swift; path = PostTradeSheet.swift; sourceTree = "<group>"; };
		D3BDE438C8F05EAA14B299BB /* WisconsinApp.swift */ = {isa = PBXFileReference; lastKnownFileType = sourcecode.swift; path = WisconsinApp.swift; sourceTree = "<group>"; };
		D50B2D1EA31765C957FED322 /* ScheduleModels.swift */ = {isa = PBXFileReference; lastKnownFileType = sourcecode.swift; path = ScheduleModels.swift; sourceTree = "<group>"; };
		D5EC344925B5666C2CA8F773 /* GlobalSearchSheet.swift */ = {isa = PBXFileReference; lastKnownFileType = sourcecode.swift; path = GlobalSearchSheet.swift; sourceTree = "<group>"; };
		DB5E4D4F3F432CE124DE63A8 /* KioskPickupView.swift */ = {isa = PBXFileReference; lastKnownFileType = sourcecode.swift; path = KioskPickupView.swift; sourceTree = "<group>"; };
		DF17654612E5CA2EBF575539 /* KioskColors.swift */ = {isa = PBXFileReference; lastKnownFileType = sourcecode.swift; path = KioskColors.swift; sourceTree = "<group>"; };
		E968BAF46C8E557831F73C27 /* KioskSuccessView.swift */ = {isa = PBXFileReference; lastKnownFileType = sourcecode.swift; path = KioskSuccessView.swift; sourceTree = "<group>"; };
		EC21A466188CE0D3011728F2 /* ShiftTradeModels.swift */ = {isa = PBXFileReference; lastKnownFileType = sourcecode.swift; path = ShiftTradeModels.swift; sourceTree = "<group>"; };
		F12684601FE641B454D0219B /* ItemsView.swift */ = {isa = PBXFileReference; lastKnownFileType = sourcecode.swift; path = ItemsView.swift; sourceTree = "<group>"; };
		F1F3FA2D4C06E966E6BA030B /* CreateBookingSheet.swift */ = {isa = PBXFileReference; lastKnownFileType = sourcecode.swift; path = CreateBookingSheet.swift; sourceTree = "<group>"; };
		F2E89852F4DC85939BA9A8AA /* FloatingSearchButton.swift */ = {isa = PBXFileReference; lastKnownFileType = sourcecode.swift; path = FloatingSearchButton.swift; sourceTree = "<group>"; };
		F52833BE41AB34A8FFA43FE2 /* TradeBoardSheet.swift */ = {isa = PBXFileReference; lastKnownFileType = sourcecode.swift; path = TradeBoardSheet.swift; sourceTree = "<group>"; };
		FA38BB094C95612DBF9F1C24 /* KioskStore.swift */ = {isa = PBXFileReference; lastKnownFileType = sourcecode.swift; path = KioskStore.swift; sourceTree = "<group>"; };
		FAD4EC3F211EACBB157F7DDE /* GearStore.swift */ = {isa = PBXFileReference; lastKnownFileType = sourcecode.swift; path = GearStore.swift; sourceTree = "<group>"; };
/* End PBXFileReference section */

/* Begin PBXGroup section */
		1414D7CCBD97C717AE465FD0 /* Wisconsin */ = {
			isa = PBXGroup;
			children = (
				592769886AB12F6A842CC8CF /* Assets.xcassets */,
				A16A76819006E71CB2219DB9 /* Wisconsin.entitlements */,
				597D878F5B57CA4F5E2F5F05 /* App */,
				E1B33BB857133B356F794A8B /* Core */,
				B98530FDE6F2D3820422A8EF /* Kiosk */,
				81829E068FCED51275ACCDFB /* Models */,
				348EF5C26E708380D994ED22 /* Supporting */,
				E5EFEF895EF2453C237A9A5C /* Views */,
			);
			path = Wisconsin;
			sourceTree = "<group>";
		};
		348EF5C26E708380D994ED22 /* Supporting */ = {
			isa = PBXGroup;
			children = (
				9CDE77AE37C01B8DA663C7CE /* Info.plist */,
			);
			path = Supporting;
			sourceTree = "<group>";
		};
		4E310D05AC0591B9C424B405 /* Components */ = {
			isa = PBXGroup;
			children = (
				843772771897AABEF8DD1F93 /* BannerView.swift */,
				468E248680EC5A61BEC1EE38 /* Skeleton.swift */,
			);
			path = Components;
			sourceTree = "<group>";
		};
		597D878F5B57CA4F5E2F5F05 /* App */ = {
			isa = PBXGroup;
			children = (
				5E180A2286F2673D3B7E2179 /* AppDelegate.swift */,
				D3BDE438C8F05EAA14B299BB /* WisconsinApp.swift */,
			);
			path = App;
			sourceTree = "<group>";
		};
		649EB01281625219848D23B2 = {
			isa = PBXGroup;
			children = (
				1414D7CCBD97C717AE465FD0 /* Wisconsin */,
				FAC33595C52A409299C15513 /* Products */,
			);
			sourceTree = "<group>";
		};
		7F8F46234DBAD63AE7CDEB70 /* DevTools */ = {
			isa = PBXGroup;
			children = (
				41D51AC00210AD1B6DE0E466 /* LinkStickerWizard.swift */,
			);
			path = DevTools;
			sourceTree = "<group>";
		};
		81829E068FCED51275ACCDFB /* Models */ = {
			isa = PBXGroup;
			children = (
				3967BD5EC55792F3B9E94724 /* AssetModels.swift */,
				BB8C14E1F7005B408A6A4CCD /* DashboardModels.swift */,
				6148A160C162A021FF9DE4C0 /* FormModels.swift */,
				5B540C9027D1885BCBEA2E4D /* Models.swift */,
				229CAC26AA9E3BB5EEC36678 /* NotificationModels.swift */,
				D50B2D1EA31765C957FED322 /* ScheduleModels.swift */,
				EC21A466188CE0D3011728F2 /* ShiftTradeModels.swift */,
			);
			path = Models;
			sourceTree = "<group>";
		};
		8FCC7C40A7D74BEFD82F01B5 /* Search */ = {
			isa = PBXGroup;
			children = (
				F2E89852F4DC85939BA9A8AA /* FloatingSearchButton.swift */,
				D5EC344925B5666C2CA8F773 /* GlobalSearchSheet.swift */,
				44E5D1DB0C8CBAD5E452E807 /* QRScannerSheet.swift */,
				AD7494E64F4395E73A7AA6C1 /* SearchResultRow.swift */,
			);
			path = Search;
			sourceTree = "<group>";
		};
		B98530FDE6F2D3820422A8EF /* Kiosk */ = {
			isa = PBXGroup;
			children = (
				783E3F89AF08A64D8BE2685D /* KioskActivationView.swift */,
				BA5C2531E017BDBDE5EFDDFE /* KioskAPIClient.swift */,
				06C085E7CDEC3CCE6DFDD630 /* KioskBarcodeCameraView.swift */,
				3700D2B2FAE801DC2FF0F1ED /* KioskCheckoutView.swift */,
				DF17654612E5CA2EBF575539 /* KioskColors.swift */,
				649B6E0F68D9B5DB4D054656 /* KioskIdleView.swift */,
				02B29E7150D396D5C8236398 /* KioskModels.swift */,
				DB5E4D4F3F432CE124DE63A8 /* KioskPickupView.swift */,
				687337C19E47FE94FE56F9BF /* KioskReturnView.swift */,
				C0F3BC3F7FE6F8F1E7056578 /* KioskScannerField.swift */,
				0E5A80EBE9AE9D0094E70FBB /* KioskShellView.swift */,
				FA38BB094C95612DBF9F1C24 /* KioskStore.swift */,
				13D2A559654212BD133FB74F /* KioskStudentHubView.swift */,
				E968BAF46C8E557831F73C27 /* KioskSuccessView.swift */,
			);
			path = Kiosk;
			sourceTree = "<group>";
		};
		CD10799A1237302B1D05E01C /* Schedule */ = {
			isa = PBXGroup;
			children = (
				96636E404DEEEDA5C6046ADB /* AddShiftSheet.swift */,
				A9374732F63AA4EA283094F0 /* AssignStudentSheet.swift */,
				C76AD0C31463DD95EE65E1E6 /* PostTradeSheet.swift */,
				F52833BE41AB34A8FFA43FE2 /* TradeBoardSheet.swift */,
			);
			path = Schedule;
			sourceTree = "<group>";
		};
		E1B33BB857133B356F794A8B /* Core */ = {
			isa = PBXGroup;
			children = (
				6ED3D57FAA3E94281C3FF27C /* APIClient.swift */,
				38065600FA5A1C1AC4C8CC2F /* AppState.swift */,
				4A9DAB950F60885A23620BEC /* Brand.swift */,
				39565FFA7236A61DAD12D9BB /* DateFormats.swift */,
				FAD4EC3F211EACBB157F7DDE /* GearStore.swift */,
				2A73B2A1C9B274552CBA7C8B /* Haptics.swift */,
				2536547429CB16E12CB069C0 /* NetworkMonitor.swift */,
				74EFD042F26EA7BE52FA67E3 /* SearchService.swift */,
				0189482D68508F45B086F46F /* SessionStore.swift */,
				C6D1B302F1FC5245180A17CD /* ThumbnailLoader.swift */,
			);
			path = Core;
			sourceTree = "<group>";
		};
		E5EFEF895EF2453C237A9A5C /* Views */ = {
			isa = PBXGroup;
			children = (
				B208F1EB8DD4DA49DADC1CAB /* AppTabView.swift */,
				BA04562F7C424114F304B494 /* BookingDetailView.swift */,
				2228A84C3CCBC90ABF9103F1 /* BookingsView.swift */,
				F1F3FA2D4C06E966E6BA030B /* CreateBookingSheet.swift */,
				5FB4AEDFE7F83CC6E155C12D /* EventDetailSheet.swift */,
				2B0058FB3644F501479BA0D5 /* ExtendBookingSheet.swift */,
				64F14676788E6FA7CDD08D48 /* HomeView.swift */,
				80CA4880F08046F8E23F079B /* ItemDetailView.swift */,
				F12684601FE641B454D0219B /* ItemsView.swift */,
				6D6258D04F2CBF34C14EBB69 /* LoginView.swift */,
				9E58906A0DD7BCF5024161BE /* NotificationsSheet.swift */,
				6A2DFDC7A0C7BD6C018D43D2 /* PushPrePromptView.swift */,
				37FF31264347D4D6932C4DBB /* ScanView.swift */,
				74157D1DF3F4EF9F53F70494 /* ScheduleView.swift */,
				6B64F325136AF7626ECECE8C /* UserDetailView.swift */,
				4E310D05AC0591B9C424B405 /* Components */,
				7F8F46234DBAD63AE7CDEB70 /* DevTools */,
				CD10799A1237302B1D05E01C /* Schedule */,
				8FCC7C40A7D74BEFD82F01B5 /* Search */,
			);
			path = Views;
			sourceTree = "<group>";
		};
		FAC33595C52A409299C15513 /* Products */ = {
			isa = PBXGroup;
			children = (
				294553EF02A8AC64D71ED849 /* Wisconsin.app */,
			);
			name = Products;
			sourceTree = "<group>";
		};
/* End PBXGroup section */

/* Begin PBXNativeTarget section */
		5731E598F30EDA43B52B4002 /* Wisconsin */ = {
			isa = PBXNativeTarget;
			buildConfigurationList = 7B03CFBF7061C8A8E1F40718 /* Build configuration list for PBXNativeTarget "Wisconsin" */;
			buildPhases = (
				ABB8BC4733CB796A48A557D1 /* Sources */,
				028CA1F838882E12487697F8 /* Resources */,
			);
			buildRules = (
			);
			dependencies = (
			);
			name = Wisconsin;
			packageProductDependencies = (
			);
			productName = Wisconsin;
			productReference = 294553EF02A8AC64D71ED849 /* Wisconsin.app */;
			productType = "com.apple.product-type.application";
		};
/* End PBXNativeTarget section */

/* Begin PBXProject section */
		335BE05E032A4F56E50B98CC /* Project object */ = {
			isa = PBXProject;
			attributes = {
				BuildIndependentTargetsInParallel = YES;
				LastUpgradeCheck = 1600;
				TargetAttributes = {
					5731E598F30EDA43B52B4002 = {
						DevelopmentTeam = "";
					};
				};
			};
			buildConfigurationList = 5728D6AA97025032A6EE9DAD /* Build configuration list for PBXProject "Wisconsin" */;
			developmentRegion = en;
			hasScannedForEncodings = 0;
			knownRegions = (
				Base,
				en,
			);
			mainGroup = 649EB01281625219848D23B2;
			minimizedProjectReferenceProxies = 1;
			preferredProjectObjectVersion = 77;
			productRefGroup = FAC33595C52A409299C15513 /* Products */;
			projectDirPath = "";
			projectRoot = "";
			targets = (
				5731E598F30EDA43B52B4002 /* Wisconsin */,
			);
		};
/* End PBXProject section */

/* Begin PBXResourcesBuildPhase section */
		028CA1F838882E12487697F8 /* Resources */ = {
			isa = PBXResourcesBuildPhase;
			buildActionMask = 2147483647;
			files = (
				12BE5380A72CE66E23CA39CD /* Assets.xcassets in Resources */,
			);
			runOnlyForDeploymentPostprocessing = 0;
		};
/* End PBXResourcesBuildPhase section */

/* Begin PBXSourcesBuildPhase section */
		ABB8BC4733CB796A48A557D1 /* Sources */ = {
			isa = PBXSourcesBuildPhase;
			buildActionMask = 2147483647;
			files = (
				1AC641AD94A229A52FE17AE0 /* APIClient.swift in Sources */,
				A6176C75B21A5C4695A8E11F /* AddShiftSheet.swift in Sources */,
				33F2166407B607A0DADC78B2 /* AppDelegate.swift in Sources */,
				96DAC20EB887DA3916DEE474 /* AppState.swift in Sources */,
				E74AB0C45B70B59CEBC79AC4 /* AppTabView.swift in Sources */,
				C3C5D175C583096B0D645F24 /* AssetModels.swift in Sources */,
				DC10577F4AF30D4E44E08B63 /* AssignStudentSheet.swift in Sources */,
				6A2AF05B82DC2BA24217048C /* BannerView.swift in Sources */,
				69DD68092CDC35D6924052DF /* BookingDetailView.swift in Sources */,
				B2FEB545EEB4F42FE18F292F /* BookingsView.swift in Sources */,
				41891E6B69644BB1DB025CB9 /* Brand.swift in Sources */,
				237DD2AF7BCC2631721C737C /* CreateBookingSheet.swift in Sources */,
				CE860A32B56D88E0802D8EFE /* DashboardModels.swift in Sources */,
				7507BE07B0E40EAA31B9DBE9 /* DateFormats.swift in Sources */,
				713FB9080DFAA1073EE5FA8C /* EventDetailSheet.swift in Sources */,
				904A4A8C645FFEB4CD2AA971 /* ExtendBookingSheet.swift in Sources */,
				F8198BB80C4CB84C0C12ED6A /* FloatingSearchButton.swift in Sources */,
				470F79B703DF9EB55FECE070 /* FormModels.swift in Sources */,
				795277BA3B90A0AB27B5C672 /* GearStore.swift in Sources */,
				AF66ADDE1D3CF5B16155A3BA /* GlobalSearchSheet.swift in Sources */,
				6B9E7D074E50DBAB24DAC522 /* Haptics.swift in Sources */,
				B1DDE3C06BD40F1F8615A227 /* HomeView.swift in Sources */,
				FC55F8C00EAB32F578B178F0 /* ItemDetailView.swift in Sources */,
				3A34548DD720E71C6B54BB31 /* ItemsView.swift in Sources */,
				73A936392B03FBB5779475D6 /* KioskAPIClient.swift in Sources */,
				C292B04966545054F354B58D /* KioskActivationView.swift in Sources */,
				5FC271E1656B8281545DA61D /* KioskBarcodeCameraView.swift in Sources */,
				8F4B17907F06BDF713664001 /* KioskCheckoutView.swift in Sources */,
				7252EE41C4BE6C9946F7A7BA /* KioskColors.swift in Sources */,
				F05BFEDF227A1BB32BBFFD07 /* KioskIdleView.swift in Sources */,
				30894C3102D964CC218C62C5 /* KioskModels.swift in Sources */,
				DBB620395B1140D1777AD0B2 /* KioskPickupView.swift in Sources */,
				BF0C8E42D9834A68276B6B2D /* KioskReturnView.swift in Sources */,
				BE4325C3D6CA86C4E9565115 /* KioskScannerField.swift in Sources */,
				126FE69C0DCDD7F917CE6580 /* KioskShellView.swift in Sources */,
				24A80894586E46E13F2E4E41 /* KioskStore.swift in Sources */,
				37D62305D3F8AD03285EBFCE /* KioskStudentHubView.swift in Sources */,
				C0CE6BBE698F81A5E6397D98 /* KioskSuccessView.swift in Sources */,
				2DF5EDC0EA7BAAF2547F1035 /* LinkStickerWizard.swift in Sources */,
				DACC18C0E1181FD912992FEE /* LoginView.swift in Sources */,
				0FC9DC340824D39EB558E913 /* Models.swift in Sources */,
				4F0A1067946B104FF1220865 /* NetworkMonitor.swift in Sources */,
				5D716269ED62B3BCD83B904B /* NotificationModels.swift in Sources */,
				BAE863712FA11717C1C77B29 /* NotificationsSheet.swift in Sources */,
				5222CCDEB1C3A451B2B7EDED /* PostTradeSheet.swift in Sources */,
				D24677599DC4E06E3E093A81 /* PushPrePromptView.swift in Sources */,
				085E8467FC2D0385A67DD157 /* QRScannerSheet.swift in Sources */,
				23D18DF0CCE1DFC0E4CAD69E /* ScanView.swift in Sources */,
				2CED1D2B5A4282EB13E29796 /* ScheduleModels.swift in Sources */,
				2516A89A0CD4284023B38A28 /* ScheduleView.swift in Sources */,
				01C0E89D9110CBB8DA80D650 /* SearchResultRow.swift in Sources */,
				A2F31705FBCCCE502A3B6C1A /* SearchService.swift in Sources */,
				81413B070B47866D2C7DB337 /* SessionStore.swift in Sources */,
				889D5483CAC2EA6C8E25DDFD /* ShiftTradeModels.swift in Sources */,
				5BFCE075814954BB59669481 /* Skeleton.swift in Sources */,
				BA09B1B0BD9687C63E73E59D /* ThumbnailLoader.swift in Sources */,
				A9264F994D67157C3DD7FCD3 /* TradeBoardSheet.swift in Sources */,
				6A29F42A3F64F9E6FDD5EB53 /* UserDetailView.swift in Sources */,
				390F43409B451AAB78D2D0C9 /* WisconsinApp.swift in Sources */,
			);
			runOnlyForDeploymentPostprocessing = 0;
		};
/* End PBXSourcesBuildPhase section */

/* Begin XCBuildConfiguration section */
		4DDDE64217BAA8B5B397181C /* Debug */ = {
			isa = XCBuildConfiguration;
			buildSettings = {
				ASSETCATALOG_COMPILER_APPICON_NAME = AppIcon;
				CODE_SIGN_IDENTITY = "iPhone Developer";
				CURRENT_PROJECT_VERSION = 1;
				DEVELOPMENT_TEAM = "";
				INFOPLIST_FILE = Wisconsin/Supporting/Info.plist;
				IPHONEOS_DEPLOYMENT_TARGET = 17.0;
				LD_RUNPATH_SEARCH_PATHS = (
					"$(inherited)",
					"@executable_path/Frameworks",
				);
				MARKETING_VERSION = 1.0;
				OTHER_SWIFT_FLAGS = "-DDEBUG";
				PRODUCT_BUNDLE_IDENTIFIER = com.erikrole.Wisconsin;
				PRODUCT_NAME = Wisconsin;
				SDKROOT = iphoneos;
				TARGETED_DEVICE_FAMILY = "1,2";
			};
			name = Debug;
		};
		56F244381FE75A5ABD0B08E6 /* Release */ = {
			isa = XCBuildConfiguration;
			buildSettings = {
				ASSETCATALOG_COMPILER_APPICON_NAME = AppIcon;
				CODE_SIGN_IDENTITY = "iPhone Developer";
				CURRENT_PROJECT_VERSION = 1;
				DEVELOPMENT_TEAM = "";
				INFOPLIST_FILE = Wisconsin/Supporting/Info.plist;
				IPHONEOS_DEPLOYMENT_TARGET = 17.0;
				LD_RUNPATH_SEARCH_PATHS = (
					"$(inherited)",
					"@executable_path/Frameworks",
				);
				MARKETING_VERSION = 1.0;
				PRODUCT_BUNDLE_IDENTIFIER = com.erikrole.Wisconsin;
				PRODUCT_NAME = Wisconsin;
				SDKROOT = iphoneos;
				TARGETED_DEVICE_FAMILY = "1,2";
			};
			name = Release;
		};
		5E0F40E0C9EC2950B8E717E2 /* Release */ = {
			isa = XCBuildConfiguration;
			buildSettings = {
				ALWAYS_SEARCH_USER_PATHS = NO;
				CLANG_ANALYZER_NONNULL = YES;
				CLANG_ANALYZER_NUMBER_OBJECT_CONVERSION = YES_AGGRESSIVE;
				CLANG_CXX_LANGUAGE_STANDARD = "gnu++14";
				CLANG_CXX_LIBRARY = "libc++";
				CLANG_ENABLE_MODULES = YES;
				CLANG_ENABLE_OBJC_ARC = YES;
				CLANG_ENABLE_OBJC_WEAK = YES;
				CLANG_WARN_BLOCK_CAPTURE_AUTORELEASING = YES;
				CLANG_WARN_BOOL_CONVERSION = YES;
				CLANG_WARN_COMMA = YES;
				CLANG_WARN_CONSTANT_CONVERSION = YES;
				CLANG_WARN_DEPRECATED_OBJC_IMPLEMENTATIONS = YES;
				CLANG_WARN_DIRECT_OBJC_ISA_USAGE = YES_ERROR;
				CLANG_WARN_DOCUMENTATION_COMMENTS = YES;
				CLANG_WARN_EMPTY_BODY = YES;
				CLANG_WARN_ENUM_CONVERSION = YES;
				CLANG_WARN_INFINITE_RECURSION = YES;
				CLANG_WARN_INT_CONVERSION = YES;
				CLANG_WARN_NON_LITERAL_NULL_CONVERSION = YES;
				CLANG_WARN_OBJC_IMPLICIT_RETAIN_SELF = YES;
				CLANG_WARN_OBJC_LITERAL_CONVERSION = YES;
				CLANG_WARN_OBJC_ROOT_CLASS = YES_ERROR;
				CLANG_WARN_QUOTED_INCLUDE_IN_FRAMEWORK_HEADER = YES;
				CLANG_WARN_RANGE_LOOP_ANALYSIS = YES;
				CLANG_WARN_STRICT_PROTOTYPES = YES;
				CLANG_WARN_SUSPICIOUS_MOVE = YES;
				CLANG_WARN_UNGUARDED_AVAILABILITY = YES_AGGRESSIVE;
				CLANG_WARN_UNREACHABLE_CODE = YES;
				CLANG_WARN__DUPLICATE_METHOD_MATCH = YES;
				COPY_PHASE_STRIP = NO;
				DEBUG_INFORMATION_FORMAT = "dwarf-with-dsym";
				ENABLE_NS_ASSERTIONS = NO;
				ENABLE_PREVIEWS = NO;
				ENABLE_STRICT_OBJC_MSGSEND = YES;
				GCC_C_LANGUAGE_STANDARD = gnu11;
				GCC_NO_COMMON_BLOCKS = YES;
				GCC_WARN_64_TO_32_BIT_CONVERSION = YES;
				GCC_WARN_ABOUT_RETURN_TYPE = YES_ERROR;
				GCC_WARN_UNDECLARED_SELECTOR = YES;
				GCC_WARN_UNINITIALIZED_AUTOS = YES_AGGRESSIVE;
				GCC_WARN_UNUSED_FUNCTION = YES;
				GCC_WARN_UNUSED_VARIABLE = YES;
				IPHONEOS_DEPLOYMENT_TARGET = 17.0;
				MTL_ENABLE_DEBUG_INFO = NO;
				MTL_FAST_MATH = YES;
				PRODUCT_NAME = "$(TARGET_NAME)";
				SDKROOT = iphoneos;
				SWIFT_COMPILATION_MODE = wholemodule;
				SWIFT_OPTIMIZATION_LEVEL = "-O";
				SWIFT_VERSION = 5.10;
			};
			name = Release;
		};
		B5B7628012912EFED4466270 /* Debug */ = {
			isa = XCBuildConfiguration;
			buildSettings = {
				ALWAYS_SEARCH_USER_PATHS = NO;
				CLANG_ANALYZER_NONNULL = YES;
				CLANG_ANALYZER_NUMBER_OBJECT_CONVERSION = YES_AGGRESSIVE;
				CLANG_CXX_LANGUAGE_STANDARD = "gnu++14";
				CLANG_CXX_LIBRARY = "libc++";
				CLANG_ENABLE_MODULES = YES;
				CLANG_ENABLE_OBJC_ARC = YES;
				CLANG_ENABLE_OBJC_WEAK = YES;
				CLANG_WARN_BLOCK_CAPTURE_AUTORELEASING = YES;
				CLANG_WARN_BOOL_CONVERSION = YES;
				CLANG_WARN_COMMA = YES;
				CLANG_WARN_CONSTANT_CONVERSION = YES;
				CLANG_WARN_DEPRECATED_OBJC_IMPLEMENTATIONS = YES;
				CLANG_WARN_DIRECT_OBJC_ISA_USAGE = YES_ERROR;
				CLANG_WARN_DOCUMENTATION_COMMENTS = YES;
				CLANG_WARN_EMPTY_BODY = YES;
				CLANG_WARN_ENUM_CONVERSION = YES;
				CLANG_WARN_INFINITE_RECURSION = YES;
				CLANG_WARN_INT_CONVERSION = YES;
				CLANG_WARN_NON_LITERAL_NULL_CONVERSION = YES;
				CLANG_WARN_OBJC_IMPLICIT_RETAIN_SELF = YES;
				CLANG_WARN_OBJC_LITERAL_CONVERSION = YES;
				CLANG_WARN_OBJC_ROOT_CLASS = YES_ERROR;
				CLANG_WARN_QUOTED_INCLUDE_IN_FRAMEWORK_HEADER = YES;
				CLANG_WARN_RANGE_LOOP_ANALYSIS = YES;
				CLANG_WARN_STRICT_PROTOTYPES = YES;
				CLANG_WARN_SUSPICIOUS_MOVE = YES;
				CLANG_WARN_UNGUARDED_AVAILABILITY = YES_AGGRESSIVE;
				CLANG_WARN_UNREACHABLE_CODE = YES;
				CLANG_WARN__DUPLICATE_METHOD_MATCH = YES;
				COPY_PHASE_STRIP = NO;
				DEBUG_INFORMATION_FORMAT = dwarf;
				ENABLE_PREVIEWS = NO;
				ENABLE_STRICT_OBJC_MSGSEND = YES;
				ENABLE_TESTABILITY = YES;
				GCC_C_LANGUAGE_STANDARD = gnu11;
				GCC_DYNAMIC_NO_PIC = NO;
				GCC_NO_COMMON_BLOCKS = YES;
				GCC_OPTIMIZATION_LEVEL = 0;
				GCC_PREPROCESSOR_DEFINITIONS = (
					"$(inherited)",
					"DEBUG=1",
				);
				GCC_WARN_64_TO_32_BIT_CONVERSION = YES;
				GCC_WARN_ABOUT_RETURN_TYPE = YES_ERROR;
				GCC_WARN_UNDECLARED_SELECTOR = YES;
				GCC_WARN_UNINITIALIZED_AUTOS = YES_AGGRESSIVE;
				GCC_WARN_UNUSED_FUNCTION = YES;
				GCC_WARN_UNUSED_VARIABLE = YES;
				IPHONEOS_DEPLOYMENT_TARGET = 17.0;
				MTL_ENABLE_DEBUG_INFO = INCLUDE_SOURCE;
				MTL_FAST_MATH = YES;
				ONLY_ACTIVE_ARCH = YES;
				PRODUCT_NAME = "$(TARGET_NAME)";
				SDKROOT = iphoneos;
				SWIFT_ACTIVE_COMPILATION_CONDITIONS = DEBUG;
				SWIFT_OPTIMIZATION_LEVEL = "-Onone";
				SWIFT_VERSION = 5.10;
			};
			name = Debug;
		};
/* End XCBuildConfiguration section */

/* Begin XCConfigurationList section */
		5728D6AA97025032A6EE9DAD /* Build configuration list for PBXProject "Wisconsin" */ = {
			isa = XCConfigurationList;
			buildConfigurations = (
				B5B7628012912EFED4466270 /* Debug */,
				5E0F40E0C9EC2950B8E717E2 /* Release */,
			);
			defaultConfigurationIsVisible = 0;
			defaultConfigurationName = Debug;
		};
		7B03CFBF7061C8A8E1F40718 /* Build configuration list for PBXNativeTarget "Wisconsin" */ = {
			isa = XCConfigurationList;
			buildConfigurations = (
				4DDDE64217BAA8B5B397181C /* Debug */,
				56F244381FE75A5ABD0B08E6 /* Release */,
			);
			defaultConfigurationIsVisible = 0;
			defaultConfigurationName = Debug;
		};
/* End XCConfigurationList section */
	};
	rootObject = 335BE05E032A4F56E50B98CC /* Project object */;
}
